{
  "version": 4,
  "terraform_version": "1.3.7",
  "serial": 24,
  "lineage": "337127c4-7ae3-68d0-257d-c745b392aa61",
  "outputs": {},
  "resources": [
    {
      "mode": "data",
      "type": "ibm_is_image",
      "name": "image",
      "provider": "provider[\"registry.terraform.io/ibm-cloud/ibm\"]",
      "instances": [
        {
          "schema_version": 0,
          "attributes": {
            "access_tags": [],
            "architecture": "amd64",
            "catalog_offering": [
              {
                "managed": false,
                "version": []
              }
            ],
            "checksum": "c8eb6e15290ea08abeee7eae8cb79b6ccc1c73bb71362fbdb302db0eec6c9f92",
            "created_at": "2023-09-10T15:03:45.000Z",
            "crn": "crn:v1:bluemix:public:is:us-south:a/811f8abfbd32425597dc7ba40da98fa6::image:r006-ed1c7d43-713b-4b74-b335-4aa7ddcb0b68",
            "deprecation_at": null,
            "encryption": "none",
            "encryption_key": null,
            "id": "r006-ed1c7d43-713b-4b74-b335-4aa7ddcb0b68",
            "identifier": null,
            "name": "ibm-redhat-9-2-minimal-amd64-2",
            "obsolescence_at": null,
            "os": "red-9-amd64",
            "source_volume": null,
            "status": "available",
            "visibility": "public"
          },
          "sensitive_attributes": []
        }
      ]
    },
    {
      "mode": "data",
      "type": "ibm_is_image",
      "name": "stock_image",
      "provider": "provider[\"registry.terraform.io/ibm-cloud/ibm\"]",
      "instances": [
        {
          "schema_version": 0,
          "attributes": {
            "access_tags": [],
            "architecture": "amd64",
            "catalog_offering": [
              {
                "managed": false,
                "version": []
              }
            ],
            "checksum": "c8eb6e15290ea08abeee7eae8cb79b6ccc1c73bb71362fbdb302db0eec6c9f92",
            "created_at": "2023-09-10T15:03:45.000Z",
            "crn": "crn:v1:bluemix:public:is:us-south:a/811f8abfbd32425597dc7ba40da98fa6::image:r006-ed1c7d43-713b-4b74-b335-4aa7ddcb0b68",
            "deprecation_at": null,
            "encryption": "none",
            "encryption_key": null,
            "id": "r006-ed1c7d43-713b-4b74-b335-4aa7ddcb0b68",
            "identifier": null,
            "name": "ibm-redhat-9-2-minimal-amd64-2",
            "obsolescence_at": null,
            "os": "red-9-amd64",
            "source_volume": null,
            "status": "available",
            "visibility": "public"
          },
          "sensitive_attributes": []
        }
      ]
    },
    {
      "mode": "data",
      "type": "ibm_is_vpc",
      "name": "vpc",
      "provider": "provider[\"registry.terraform.io/ibm-cloud/ibm\"]",
      "instances": [
        {
          "schema_version": 0,
          "attributes": {
            "access_tags": [],
            "classic_access": false,
            "crn": "crn:v1:bluemix:public:is:us-south:a/01fedb4f3ff70b186d83cdb1e1de2943::vpc:r006-28cbafba-43e3-42d1-ac9c-e743e44fb9e0",
            "cse_source_addresses": [
              {
                "address": "10.249.199.155",
                "zone_name": "us-south-1"
              },
              {
                "address": "10.12.161.210",
                "zone_name": "us-south-2"
              },
              {
                "address": "10.12.167.245",
                "zone_name": "us-south-3"
              }
            ],
            "default_network_acl": "r006-57b27df5-be6d-4b48-9da3-06e6d7cbd1a2",
            "default_network_acl_crn": "crn:v1:bluemix:public:is:us-south:a/01fedb4f3ff70b186d83cdb1e1de2943::network-acl:r006-57b27df5-be6d-4b48-9da3-06e6d7cbd1a2",
            "default_network_acl_name": "unroll-linseed-suction-henna",
            "default_routing_table": "r006-7efd06f1-a395-4239-a6c9-8c75e3bef424",
            "default_routing_table_name": "concur-fritter-crafty-taps",
            "default_security_group": "r006-b1bb2181-13dd-44ec-ab71-0865d53e68e0",
            "default_security_group_crn": "crn:v1:bluemix:public:is:us-south:a/01fedb4f3ff70b186d83cdb1e1de2943::security-group:r006-b1bb2181-13dd-44ec-ab71-0865d53e68e0",
            "default_security_group_name": "conical-retrain-reverence-unclosed",
            "dns": [
              {
                "enable_hub": false,
                "resolution_binding_count": 0,
                "resolver": [
                  {
                    "configuration": "default",
                    "manual_servers": [],
                    "servers": [
                      {
                        "address": "161.26.0.10",
                        "zone_affinity": ""
                      },
                      {
                        "address": "161.26.0.11",
                        "zone_affinity": ""
                      }
                    ],
                    "type": "system",
                    "vpc": []
                  }
                ]
              }
            ],
            "health_reasons": [],
            "health_state": "ok",
            "id": "r006-28cbafba-43e3-42d1-ac9c-e743e44fb9e0",
            "identifier": "r006-28cbafba-43e3-42d1-ac9c-e743e44fb9e0",
            "name": "us-south-rg-vpc",
            "resource_controller_url": "https://cloud.ibm.com/vpc-ext/network/vpcs",
            "resource_crn": "crn:v1:bluemix:public:is:us-south:a/01fedb4f3ff70b186d83cdb1e1de2943::vpc:r006-28cbafba-43e3-42d1-ac9c-e743e44fb9e0",
            "resource_group": "94270ba384ba4441b4e21fc5345c26ac",
            "resource_group_name": "us-south-rg",
            "resource_name": "us-south-rg-vpc",
            "resource_status": "available",
            "security_group": [
              {
                "group_id": "r006-b1bb2181-13dd-44ec-ab71-0865d53e68e0",
                "group_name": "conical-retrain-reverence-unclosed",
                "rules": [
                  {
                    "code": 0,
                    "direction": "outbound",
                    "ip_version": "ipv4",
                    "port_max": 0,
                    "port_min": 0,
                    "protocol": "all",
                    "remote": "0.0.0.0/0",
                    "rule_id": "r006-44fa5af6-9395-469b-854e-7e0ddb905105",
                    "type": 0
                  },
                  {
                    "code": 0,
                    "direction": "inbound",
                    "ip_version": "ipv4",
                    "port_max": 0,
                    "port_min": 0,
                    "protocol": "all",
                    "remote": "r006-b1bb2181-13dd-44ec-ab71-0865d53e68e0",
                    "rule_id": "r006-02b2d855-373a-4948-875a-42731f0ead6f",
                    "type": 0
                  }
                ]
              }
            ],
            "status": "available",
            "subnets": [
              {
                "available_ipv4_address_count": 251,
                "id": "0737-c9dbab69-022e-4e4d-840a-1abf30adc0be",
                "name": "us-south-vpc-subnet-149",
                "status": "available",
                "total_ipv4_address_count": 256,
                "zone": "us-south-3"
              },
              {
                "available_ipv4_address_count": 251,
                "id": "0727-19930643-35cd-4205-bbac-3be16b2f8e73",
                "name": "us-south-vpc-subnet-87",
                "status": "available",
                "total_ipv4_address_count": 256,
                "zone": "us-south-2"
              },
              {
                "available_ipv4_address_count": 251,
                "id": "0717-dbaf8520-d7cd-4978-a939-c85d506d51b8",
                "name": "us-south-vpc-subnet-22",
                "status": "available",
                "total_ipv4_address_count": 256,
                "zone": "us-south-1"
              },
              {
                "available_ipv4_address_count": 251,
                "id": "0727-09ae15e2-af11-41e4-aa07-3a9f53cf4de6",
                "name": "us-south-vpc-subnet-86",
                "status": "available",
                "total_ipv4_address_count": 256,
                "zone": "us-south-2"
              },
              {
                "available_ipv4_address_count": 251,
                "id": "0737-a2ae4b7f-4c8e-4b1d-a54b-bee020859ef1",
                "name": "us-south-vpc-subnet-151",
                "status": "available",
                "total_ipv4_address_count": 256,
                "zone": "us-south-3"
              },
              {
                "available_ipv4_address_count": 251,
                "id": "0717-bf9410bd-1d1a-4df2-8ccc-70de0b07ae34",
                "name": "us-south-vpc-subnet-20",
                "status": "available",
                "total_ipv4_address_count": 256,
                "zone": "us-south-1"
              },
              {
                "available_ipv4_address_count": 251,
                "id": "0717-384bab02-02c9-4d1d-8f4c-69f5ca86b174",
                "name": "us-south-vpc-subnet-21",
                "status": "available",
                "total_ipv4_address_count": 256,
                "zone": "us-south-1"
              },
              {
                "available_ipv4_address_count": 251,
                "id": "0727-666f69a0-02dc-4343-bd5a-72e7b223b72b",
                "name": "us-south-vpc-subnet-84",
                "status": "available",
                "total_ipv4_address_count": 256,
                "zone": "us-south-2"
              },
              {
                "available_ipv4_address_count": 251,
                "id": "0737-f79e65db-719b-490d-95b4-d6e65fd6d2a5",
                "name": "us-south-vpc-subnet-148",
                "status": "available",
                "total_ipv4_address_count": 256,
                "zone": "us-south-3"
              },
              {
                "available_ipv4_address_count": 251,
                "id": "0717-714d8f9a-cf85-4f40-80dc-bc1731313114",
                "name": "us-south-vpc-subnet-23",
                "status": "available",
                "total_ipv4_address_count": 256,
                "zone": "us-south-1"
              },
              {
                "available_ipv4_address_count": 251,
                "id": "0727-71a8a656-cbec-4d21-a5ff-83053cf5a2c2",
                "name": "us-south-vpc-subnet-85",
                "status": "available",
                "total_ipv4_address_count": 256,
                "zone": "us-south-2"
              },
              {
                "available_ipv4_address_count": 251,
                "id": "0737-53829807-ead4-47c4-9c9b-f3d83e83de85",
                "name": "us-south-vpc-subnet-150",
                "status": "available",
                "total_ipv4_address_count": 256,
                "zone": "us-south-3"
              }
            ],
            "tags": []
          },
          "sensitive_attributes": []
        }
      ]
    },
    {
      "mode": "data",
      "type": "ibm_resource_group",
      "name": "rg",
      "provider": "provider[\"registry.terraform.io/ibm-cloud/ibm\"]",
      "instances": [
        {
          "schema_version": 0,
          "attributes": {
            "account_id": "01fedb4f3ff70b186d83cdb1e1de2943",
            "created_at": "2023-10-12T09:26:29.824Z",
            "crn": "crn:v1:bluemix:public:resource-controller::a/01fedb4f3ff70b186d83cdb1e1de2943::resource-group:94270ba384ba4441b4e21fc5345c26ac",
            "id": "94270ba384ba4441b4e21fc5345c26ac",
            "is_default": false,
            "name": "us-south-rg",
            "payment_methods_url": null,
            "quota_id": "a3d7b8d01e261c24677937c29ab33f3c",
            "quota_url": "/v2/quota_definitions/a3d7b8d01e261c24677937c29ab33f3c",
            "resource_linkages": [],
            "state": "ACTIVE",
            "teams_url": null,
            "updated_at": "2023-10-12T09:26:29.824Z"
          },
          "sensitive_attributes": []
        }
      ]
    },
    {
      "module": "module.public_gw[0]",
      "mode": "managed",
      "type": "ibm_is_public_gateway",
      "name": "itself",
      "provider": "provider[\"registry.terraform.io/ibm-cloud/ibm\"]",
      "instances": [
        {
          "schema_version": 0,
          "attributes": {
            "access_tags": [],
            "crn": "crn:v1:bluemix:public:is:us-south-1:a/01fedb4f3ff70b186d83cdb1e1de2943::public-gateway:r006-6ecb41e8-0025-415d-93ca-236c8277ad4b",
            "floating_ip": {
              "address": "52.118.146.146",
              "id": "r006-2740783e-41f1-49f8-9105-622c5b4d1e96"
            },
            "id": "r006-6ecb41e8-0025-415d-93ca-236c8277ad4b",
            "name": "us-south-gateway-1",
            "resource_controller_url": "https://cloud.ibm.com/vpc-ext/network/publicGateways",
            "resource_crn": "crn:v1:bluemix:public:is:us-south-1:a/01fedb4f3ff70b186d83cdb1e1de2943::public-gateway:r006-6ecb41e8-0025-415d-93ca-236c8277ad4b",
            "resource_group": "94270ba384ba4441b4e21fc5345c26ac",
            "resource_group_name": "us-south-rg",
            "resource_name": "us-south-gateway-1",
            "resource_status": "available",
            "status": "available",
            "tags": [],
            "timeouts": {
              "create": "90m",
              "delete": null
            },
            "vpc": "r006-28cbafba-43e3-42d1-ac9c-e743e44fb9e0",
            "zone": "us-south-1"
          },
          "sensitive_attributes": [],
          "private": "eyJlMmJmYjczMC1lY2FhLTExZTYtOGY4OC0zNDM2M2JjN2M0YzAiOnsiY3JlYXRlIjo1NDAwMDAwMDAwMDAwLCJkZWxldGUiOjYwMDAwMDAwMDAwMH19",
          "dependencies": [
            "data.ibm_is_vpc.vpc",
            "data.ibm_resource_group.rg",
            "module.vpc.ibm_is_vpc.itself"
          ]
        }
      ]
    },
    {
      "module": "module.public_gw[1]",
      "mode": "managed",
      "type": "ibm_is_public_gateway",
      "name": "itself",
      "provider": "provider[\"registry.terraform.io/ibm-cloud/ibm\"]",
      "instances": [
        {
          "schema_version": 0,
          "attributes": {
            "access_tags": [],
            "crn": "crn:v1:bluemix:public:is:us-south-2:a/01fedb4f3ff70b186d83cdb1e1de2943::public-gateway:r006-9fba8455-76f5-4e93-8451-c8c9c9fef5eb",
            "floating_ip": {
              "address": "52.118.205.21",
              "id": "r006-8efd8b34-a1dc-4ca4-81e8-2aa12be75ad7"
            },
            "id": "r006-9fba8455-76f5-4e93-8451-c8c9c9fef5eb",
            "name": "us-south-gateway-2",
            "resource_controller_url": "https://cloud.ibm.com/vpc-ext/network/publicGateways",
            "resource_crn": "crn:v1:bluemix:public:is:us-south-2:a/01fedb4f3ff70b186d83cdb1e1de2943::public-gateway:r006-9fba8455-76f5-4e93-8451-c8c9c9fef5eb",
            "resource_group": "94270ba384ba4441b4e21fc5345c26ac",
            "resource_group_name": "us-south-rg",
            "resource_name": "us-south-gateway-2",
            "resource_status": "available",
            "status": "available",
            "tags": [],
            "timeouts": {
              "create": "90m",
              "delete": null
            },
            "vpc": "r006-28cbafba-43e3-42d1-ac9c-e743e44fb9e0",
            "zone": "us-south-2"
          },
          "sensitive_attributes": [],
          "private": "eyJlMmJmYjczMC1lY2FhLTExZTYtOGY4OC0zNDM2M2JjN2M0YzAiOnsiY3JlYXRlIjo1NDAwMDAwMDAwMDAwLCJkZWxldGUiOjYwMDAwMDAwMDAwMH19",
          "dependencies": [
            "data.ibm_is_vpc.vpc",
            "data.ibm_resource_group.rg",
            "module.vpc.ibm_is_vpc.itself"
          ]
        }
      ]
    },
    {
      "module": "module.public_gw[2]",
      "mode": "managed",
      "type": "ibm_is_public_gateway",
      "name": "itself",
      "provider": "provider[\"registry.terraform.io/ibm-cloud/ibm\"]",
      "instances": [
        {
          "schema_version": 0,
          "attributes": {
            "access_tags": [],
            "crn": "crn:v1:bluemix:public:is:us-south-3:a/01fedb4f3ff70b186d83cdb1e1de2943::public-gateway:r006-2662a56b-d099-46f1-8783-cd66cb75522d",
            "floating_ip": {
              "address": "52.117.6.199",
              "id": "r006-40169b51-b5c4-42bc-9c9a-e3cb9e590959"
            },
            "id": "r006-2662a56b-d099-46f1-8783-cd66cb75522d",
            "name": "us-south-gateway-3",
            "resource_controller_url": "https://cloud.ibm.com/vpc-ext/network/publicGateways",
            "resource_crn": "crn:v1:bluemix:public:is:us-south-3:a/01fedb4f3ff70b186d83cdb1e1de2943::public-gateway:r006-2662a56b-d099-46f1-8783-cd66cb75522d",
            "resource_group": "94270ba384ba4441b4e21fc5345c26ac",
            "resource_group_name": "us-south-rg",
            "resource_name": "us-south-gateway-3",
            "resource_status": "available",
            "status": "available",
            "tags": [],
            "timeouts": {
              "create": "90m",
              "delete": null
            },
            "vpc": "r006-28cbafba-43e3-42d1-ac9c-e743e44fb9e0",
            "zone": "us-south-3"
          },
          "sensitive_attributes": [],
          "private": "eyJlMmJmYjczMC1lY2FhLTExZTYtOGY4OC0zNDM2M2JjN2M0YzAiOnsiY3JlYXRlIjo1NDAwMDAwMDAwMDAwLCJkZWxldGUiOjYwMDAwMDAwMDAwMH19",
          "dependencies": [
            "data.ibm_is_vpc.vpc",
            "data.ibm_resource_group.rg",
            "module.vpc.ibm_is_vpc.itself"
          ]
        }
      ]
    },
    {
      "module": "module.ssh-keys",
      "mode": "managed",
      "type": "ibm_is_ssh_key",
      "name": "itself",
      "provider": "provider[\"registry.terraform.io/ibm-cloud/ibm\"]",
      "instances": [
        {
          "schema_version": 0,
          "attributes": {
            "access_tags": [],
            "crn": "crn:v1:bluemix:public:is:us-south:a/01fedb4f3ff70b186d83cdb1e1de2943::key:r006-a68aedcd-da33-41a7-84a8-2b1ee647614a",
            "fingerprint": "SHA256:xfVNtumAS2oKKlHIdbIX5i4tVMC1y6aW9FuHwZ+bDc0",
            "id": "r006-a68aedcd-da33-41a7-84a8-2b1ee647614a",
            "length": 4096,
            "name": "us-south-rg-sshkey-0",
            "public_key": "ssh-rsa AAAAB3NzaC1yc2EAAAADAQABAAABgQDH0io55RYrRr4CAly6S9iGLtL3Wr3C+lJ7BD2VaYD5RGdYaPKh1iQi8TxFaj4nd9fM7JU9Za06QHyLLyL1Erx312G87oObiIxq0a1fhvOwNs07z/5VhjrVn6UbD8QJ5tR+atLndt3B1pOmng3FpOpLpQRXCMh4rN8hJ5Bp4gGVTtO1V34FqSvLdmFV9sYzeAdbe//jAbeqnNV2CkcDKOP5JryIxf3N89MbhwJwO35IvgyJgyJVAZiG9rSXgKeHOd91Ax3GeTKnCwHyyzoz9STg1ux/Ck/1zoYMlGFupuuA22KUl/5Fx61BYn2U00ZxueggLb/rL+qfKPe42sS7t4nObOURoSs9dxwBAcEb0PnKnSo36HgyoYLgvDHyaXvyRIzUm2vGo/JOtz/iUJonOR6v3OwbjLlhJCY5NsjrjwjbLBOowBf9s/6uoiSEYfaXVkGKjvuVi/BOfnrZCYF+eXtwI33pqVxiLdOtIIoMyfmh1dJCPaf+lkZuts+Il589NLk=",
            "resource_controller_url": "https://cloud.ibm.com/vpc-ext/compute/sshKeys",
            "resource_crn": "crn:v1:bluemix:public:is:us-south:a/01fedb4f3ff70b186d83cdb1e1de2943::key:r006-a68aedcd-da33-41a7-84a8-2b1ee647614a",
            "resource_group": "94270ba384ba4441b4e21fc5345c26ac",
            "resource_group_name": "us-south-rg",
            "resource_name": "us-south-rg-sshkey-0",
            "tags": [],
            "type": "rsa"
          },
          "sensitive_attributes": [],
          "private": "bnVsbA==",
          "dependencies": [
            "data.ibm_resource_group.rg"
          ]
        }
      ]
    },
    {
      "module": "module.subnet[\"0\"]",
      "mode": "managed",
      "type": "ibm_is_subnet",
      "name": "itself",
      "provider": "provider[\"registry.terraform.io/ibm-cloud/ibm\"]",
      "instances": [
        {
          "schema_version": 0,
          "attributes": {
            "access_tags": [],
            "available_ipv4_address_count": 251,
            "crn": "crn:v1:bluemix:public:is:us-south-1:a/01fedb4f3ff70b186d83cdb1e1de2943::subnet:0717-bf9410bd-1d1a-4df2-8ccc-70de0b07ae34",
            "id": "0717-bf9410bd-1d1a-4df2-8ccc-70de0b07ae34",
            "ip_version": "ipv4",
            "ipv4_cidr_block": "10.240.20.0/24",
            "name": "us-south-vpc-subnet-20",
            "network_acl": "r006-57b27df5-be6d-4b48-9da3-06e6d7cbd1a2",
            "public_gateway": "",
            "resource_controller_url": "https://cloud.ibm.com/vpc-ext/network/subnets",
            "resource_crn": "crn:v1:bluemix:public:is:us-south-1:a/01fedb4f3ff70b186d83cdb1e1de2943::subnet:0717-bf9410bd-1d1a-4df2-8ccc-70de0b07ae34",
            "resource_group": "94270ba384ba4441b4e21fc5345c26ac",
            "resource_group_name": "us-south-rg",
            "resource_name": "us-south-vpc-subnet-20",
            "resource_status": "available",
            "routing_table": "r006-7efd06f1-a395-4239-a6c9-8c75e3bef424",
            "status": "available",
            "tags": [],
            "timeouts": null,
            "total_ipv4_address_count": 256,
            "vpc": "r006-28cbafba-43e3-42d1-ac9c-e743e44fb9e0",
            "zone": "us-south-1"
          },
          "sensitive_attributes": [],
          "private": "eyJlMmJmYjczMC1lY2FhLTExZTYtOGY4OC0zNDM2M2JjN2M0YzAiOnsiY3JlYXRlIjo2MDAwMDAwMDAwMDAsImRlbGV0ZSI6NjAwMDAwMDAwMDAwLCJ1cGRhdGUiOjYwMDAwMDAwMDAwMH19",
          "dependencies": [
            "data.ibm_is_vpc.vpc",
            "data.ibm_resource_group.rg",
            "module.vpc.ibm_is_vpc.itself"
          ]
        }
      ]
    },
    {
      "module": "module.subnet[\"1\"]",
      "mode": "managed",
      "type": "ibm_is_subnet",
      "name": "itself",
      "provider": "provider[\"registry.terraform.io/ibm-cloud/ibm\"]",
      "instances": [
        {
          "schema_version": 0,
          "attributes": {
            "access_tags": [],
            "available_ipv4_address_count": 251,
            "crn": "crn:v1:bluemix:public:is:us-south-1:a/01fedb4f3ff70b186d83cdb1e1de2943::subnet:0717-384bab02-02c9-4d1d-8f4c-69f5ca86b174",
            "id": "0717-384bab02-02c9-4d1d-8f4c-69f5ca86b174",
            "ip_version": "ipv4",
            "ipv4_cidr_block": "10.240.21.0/24",
            "name": "us-south-vpc-subnet-21",
            "network_acl": "r006-57b27df5-be6d-4b48-9da3-06e6d7cbd1a2",
            "public_gateway": "",
            "resource_controller_url": "https://cloud.ibm.com/vpc-ext/network/subnets",
            "resource_crn": "crn:v1:bluemix:public:is:us-south-1:a/01fedb4f3ff70b186d83cdb1e1de2943::subnet:0717-384bab02-02c9-4d1d-8f4c-69f5ca86b174",
            "resource_group": "94270ba384ba4441b4e21fc5345c26ac",
            "resource_group_name": "us-south-rg",
            "resource_name": "us-south-vpc-subnet-21",
            "resource_status": "available",
            "routing_table": "r006-7efd06f1-a395-4239-a6c9-8c75e3bef424",
            "status": "available",
            "tags": [],
            "timeouts": null,
            "total_ipv4_address_count": 256,
            "vpc": "r006-28cbafba-43e3-42d1-ac9c-e743e44fb9e0",
            "zone": "us-south-1"
          },
          "sensitive_attributes": [],
          "private": "eyJlMmJmYjczMC1lY2FhLTExZTYtOGY4OC0zNDM2M2JjN2M0YzAiOnsiY3JlYXRlIjo2MDAwMDAwMDAwMDAsImRlbGV0ZSI6NjAwMDAwMDAwMDAwLCJ1cGRhdGUiOjYwMDAwMDAwMDAwMH19",
          "dependencies": [
            "data.ibm_is_vpc.vpc",
            "data.ibm_resource_group.rg",
            "module.vpc.ibm_is_vpc.itself"
          ]
        }
      ]
    },
    {
      "module": "module.subnet[\"10\"]",
      "mode": "managed",
      "type": "ibm_is_subnet",
      "name": "itself",
      "provider": "provider[\"registry.terraform.io/ibm-cloud/ibm\"]",
      "instances": [
        {
          "schema_version": 0,
          "attributes": {
            "access_tags": [],
            "available_ipv4_address_count": 251,
            "crn": "crn:v1:bluemix:public:is:us-south-3:a/01fedb4f3ff70b186d83cdb1e1de2943::subnet:0737-53829807-ead4-47c4-9c9b-f3d83e83de85",
            "id": "0737-53829807-ead4-47c4-9c9b-f3d83e83de85",
            "ip_version": "ipv4",
            "ipv4_cidr_block": "10.240.150.0/24",
            "name": "us-south-vpc-subnet-150",
            "network_acl": "r006-57b27df5-be6d-4b48-9da3-06e6d7cbd1a2",
            "public_gateway": "",
            "resource_controller_url": "https://cloud.ibm.com/vpc-ext/network/subnets",
            "resource_crn": "crn:v1:bluemix:public:is:us-south-3:a/01fedb4f3ff70b186d83cdb1e1de2943::subnet:0737-53829807-ead4-47c4-9c9b-f3d83e83de85",
            "resource_group": "94270ba384ba4441b4e21fc5345c26ac",
            "resource_group_name": "us-south-rg",
            "resource_name": "us-south-vpc-subnet-150",
            "resource_status": "available",
            "routing_table": "r006-7efd06f1-a395-4239-a6c9-8c75e3bef424",
            "status": "available",
            "tags": [],
            "timeouts": null,
            "total_ipv4_address_count": 256,
            "vpc": "r006-28cbafba-43e3-42d1-ac9c-e743e44fb9e0",
            "zone": "us-south-3"
          },
          "sensitive_attributes": [],
          "private": "eyJlMmJmYjczMC1lY2FhLTExZTYtOGY4OC0zNDM2M2JjN2M0YzAiOnsiY3JlYXRlIjo2MDAwMDAwMDAwMDAsImRlbGV0ZSI6NjAwMDAwMDAwMDAwLCJ1cGRhdGUiOjYwMDAwMDAwMDAwMH19",
          "dependencies": [
            "data.ibm_is_vpc.vpc",
            "data.ibm_resource_group.rg",
            "module.vpc.ibm_is_vpc.itself"
          ]
        }
      ]
    },
    {
      "module": "module.subnet[\"11\"]",
      "mode": "managed",
      "type": "ibm_is_subnet",
      "name": "itself",
      "provider": "provider[\"registry.terraform.io/ibm-cloud/ibm\"]",
      "instances": [
        {
          "schema_version": 0,
          "attributes": {
            "access_tags": [],
            "available_ipv4_address_count": 251,
            "crn": "crn:v1:bluemix:public:is:us-south-3:a/01fedb4f3ff70b186d83cdb1e1de2943::subnet:0737-a2ae4b7f-4c8e-4b1d-a54b-bee020859ef1",
            "id": "0737-a2ae4b7f-4c8e-4b1d-a54b-bee020859ef1",
            "ip_version": "ipv4",
            "ipv4_cidr_block": "10.240.151.0/24",
            "name": "us-south-vpc-subnet-151",
            "network_acl": "r006-57b27df5-be6d-4b48-9da3-06e6d7cbd1a2",
            "public_gateway": "",
            "resource_controller_url": "https://cloud.ibm.com/vpc-ext/network/subnets",
            "resource_crn": "crn:v1:bluemix:public:is:us-south-3:a/01fedb4f3ff70b186d83cdb1e1de2943::subnet:0737-a2ae4b7f-4c8e-4b1d-a54b-bee020859ef1",
            "resource_group": "94270ba384ba4441b4e21fc5345c26ac",
            "resource_group_name": "us-south-rg",
            "resource_name": "us-south-vpc-subnet-151",
            "resource_status": "available",
            "routing_table": "r006-7efd06f1-a395-4239-a6c9-8c75e3bef424",
            "status": "available",
            "tags": [],
            "timeouts": null,
            "total_ipv4_address_count": 256,
            "vpc": "r006-28cbafba-43e3-42d1-ac9c-e743e44fb9e0",
            "zone": "us-south-3"
          },
          "sensitive_attributes": [],
          "private": "eyJlMmJmYjczMC1lY2FhLTExZTYtOGY4OC0zNDM2M2JjN2M0YzAiOnsiY3JlYXRlIjo2MDAwMDAwMDAwMDAsImRlbGV0ZSI6NjAwMDAwMDAwMDAwLCJ1cGRhdGUiOjYwMDAwMDAwMDAwMH19",
          "dependencies": [
            "data.ibm_is_vpc.vpc",
            "data.ibm_resource_group.rg",
            "module.vpc.ibm_is_vpc.itself"
          ]
        }
      ]
    },
    {
      "module": "module.subnet[\"2\"]",
      "mode": "managed",
      "type": "ibm_is_subnet",
      "name": "itself",
      "provider": "provider[\"registry.terraform.io/ibm-cloud/ibm\"]",
      "instances": [
        {
          "schema_version": 0,
          "attributes": {
            "access_tags": [],
            "available_ipv4_address_count": 251,
            "crn": "crn:v1:bluemix:public:is:us-south-1:a/01fedb4f3ff70b186d83cdb1e1de2943::subnet:0717-dbaf8520-d7cd-4978-a939-c85d506d51b8",
            "id": "0717-dbaf8520-d7cd-4978-a939-c85d506d51b8",
            "ip_version": "ipv4",
            "ipv4_cidr_block": "10.240.22.0/24",
            "name": "us-south-vpc-subnet-22",
            "network_acl": "r006-57b27df5-be6d-4b48-9da3-06e6d7cbd1a2",
            "public_gateway": "",
            "resource_controller_url": "https://cloud.ibm.com/vpc-ext/network/subnets",
            "resource_crn": "crn:v1:bluemix:public:is:us-south-1:a/01fedb4f3ff70b186d83cdb1e1de2943::subnet:0717-dbaf8520-d7cd-4978-a939-c85d506d51b8",
            "resource_group": "94270ba384ba4441b4e21fc5345c26ac",
            "resource_group_name": "us-south-rg",
            "resource_name": "us-south-vpc-subnet-22",
            "resource_status": "available",
            "routing_table": "r006-7efd06f1-a395-4239-a6c9-8c75e3bef424",
            "status": "available",
            "tags": [],
            "timeouts": null,
            "total_ipv4_address_count": 256,
            "vpc": "r006-28cbafba-43e3-42d1-ac9c-e743e44fb9e0",
            "zone": "us-south-1"
          },
          "sensitive_attributes": [],
          "private": "eyJlMmJmYjczMC1lY2FhLTExZTYtOGY4OC0zNDM2M2JjN2M0YzAiOnsiY3JlYXRlIjo2MDAwMDAwMDAwMDAsImRlbGV0ZSI6NjAwMDAwMDAwMDAwLCJ1cGRhdGUiOjYwMDAwMDAwMDAwMH19",
          "dependencies": [
            "data.ibm_is_vpc.vpc",
            "data.ibm_resource_group.rg",
            "module.vpc.ibm_is_vpc.itself"
          ]
        }
      ]
    },
    {
      "module": "module.subnet[\"3\"]",
      "mode": "managed",
      "type": "ibm_is_subnet",
      "name": "itself",
      "provider": "provider[\"registry.terraform.io/ibm-cloud/ibm\"]",
      "instances": [
        {
          "schema_version": 0,
          "attributes": {
            "access_tags": [],
            "available_ipv4_address_count": 251,
            "crn": "crn:v1:bluemix:public:is:us-south-1:a/01fedb4f3ff70b186d83cdb1e1de2943::subnet:0717-714d8f9a-cf85-4f40-80dc-bc1731313114",
            "id": "0717-714d8f9a-cf85-4f40-80dc-bc1731313114",
            "ip_version": "ipv4",
            "ipv4_cidr_block": "10.240.23.0/24",
            "name": "us-south-vpc-subnet-23",
            "network_acl": "r006-57b27df5-be6d-4b48-9da3-06e6d7cbd1a2",
            "public_gateway": "",
            "resource_controller_url": "https://cloud.ibm.com/vpc-ext/network/subnets",
            "resource_crn": "crn:v1:bluemix:public:is:us-south-1:a/01fedb4f3ff70b186d83cdb1e1de2943::subnet:0717-714d8f9a-cf85-4f40-80dc-bc1731313114",
            "resource_group": "94270ba384ba4441b4e21fc5345c26ac",
            "resource_group_name": "us-south-rg",
            "resource_name": "us-south-vpc-subnet-23",
            "resource_status": "available",
            "routing_table": "r006-7efd06f1-a395-4239-a6c9-8c75e3bef424",
            "status": "available",
            "tags": [],
            "timeouts": null,
            "total_ipv4_address_count": 256,
            "vpc": "r006-28cbafba-43e3-42d1-ac9c-e743e44fb9e0",
            "zone": "us-south-1"
          },
          "sensitive_attributes": [],
          "private": "eyJlMmJmYjczMC1lY2FhLTExZTYtOGY4OC0zNDM2M2JjN2M0YzAiOnsiY3JlYXRlIjo2MDAwMDAwMDAwMDAsImRlbGV0ZSI6NjAwMDAwMDAwMDAwLCJ1cGRhdGUiOjYwMDAwMDAwMDAwMH19",
          "dependencies": [
            "data.ibm_is_vpc.vpc",
            "data.ibm_resource_group.rg",
            "module.vpc.ibm_is_vpc.itself"
          ]
        }
      ]
    },
    {
      "module": "module.subnet[\"4\"]",
      "mode": "managed",
      "type": "ibm_is_subnet",
      "name": "itself",
      "provider": "provider[\"registry.terraform.io/ibm-cloud/ibm\"]",
      "instances": [
        {
          "schema_version": 0,
          "attributes": {
            "access_tags": [],
            "available_ipv4_address_count": 251,
            "crn": "crn:v1:bluemix:public:is:us-south-2:a/01fedb4f3ff70b186d83cdb1e1de2943::subnet:0727-666f69a0-02dc-4343-bd5a-72e7b223b72b",
            "id": "0727-666f69a0-02dc-4343-bd5a-72e7b223b72b",
            "ip_version": "ipv4",
            "ipv4_cidr_block": "10.240.84.0/24",
            "name": "us-south-vpc-subnet-84",
            "network_acl": "r006-57b27df5-be6d-4b48-9da3-06e6d7cbd1a2",
            "public_gateway": "",
            "resource_controller_url": "https://cloud.ibm.com/vpc-ext/network/subnets",
            "resource_crn": "crn:v1:bluemix:public:is:us-south-2:a/01fedb4f3ff70b186d83cdb1e1de2943::subnet:0727-666f69a0-02dc-4343-bd5a-72e7b223b72b",
            "resource_group": "94270ba384ba4441b4e21fc5345c26ac",
            "resource_group_name": "us-south-rg",
            "resource_name": "us-south-vpc-subnet-84",
            "resource_status": "available",
            "routing_table": "r006-7efd06f1-a395-4239-a6c9-8c75e3bef424",
            "status": "available",
            "tags": [],
            "timeouts": null,
            "total_ipv4_address_count": 256,
            "vpc": "r006-28cbafba-43e3-42d1-ac9c-e743e44fb9e0",
            "zone": "us-south-2"
          },
          "sensitive_attributes": [],
          "private": "eyJlMmJmYjczMC1lY2FhLTExZTYtOGY4OC0zNDM2M2JjN2M0YzAiOnsiY3JlYXRlIjo2MDAwMDAwMDAwMDAsImRlbGV0ZSI6NjAwMDAwMDAwMDAwLCJ1cGRhdGUiOjYwMDAwMDAwMDAwMH19",
          "dependencies": [
            "data.ibm_is_vpc.vpc",
            "data.ibm_resource_group.rg",
            "module.vpc.ibm_is_vpc.itself"
          ]
        }
      ]
    },
    {
      "module": "module.subnet[\"5\"]",
      "mode": "managed",
      "type": "ibm_is_subnet",
      "name": "itself",
      "provider": "provider[\"registry.terraform.io/ibm-cloud/ibm\"]",
      "instances": [
        {
          "schema_version": 0,
          "attributes": {
            "access_tags": [],
            "available_ipv4_address_count": 251,
            "crn": "crn:v1:bluemix:public:is:us-south-2:a/01fedb4f3ff70b186d83cdb1e1de2943::subnet:0727-71a8a656-cbec-4d21-a5ff-83053cf5a2c2",
            "id": "0727-71a8a656-cbec-4d21-a5ff-83053cf5a2c2",
            "ip_version": "ipv4",
            "ipv4_cidr_block": "10.240.85.0/24",
            "name": "us-south-vpc-subnet-85",
            "network_acl": "r006-57b27df5-be6d-4b48-9da3-06e6d7cbd1a2",
            "public_gateway": "",
            "resource_controller_url": "https://cloud.ibm.com/vpc-ext/network/subnets",
            "resource_crn": "crn:v1:bluemix:public:is:us-south-2:a/01fedb4f3ff70b186d83cdb1e1de2943::subnet:0727-71a8a656-cbec-4d21-a5ff-83053cf5a2c2",
            "resource_group": "94270ba384ba4441b4e21fc5345c26ac",
            "resource_group_name": "us-south-rg",
            "resource_name": "us-south-vpc-subnet-85",
            "resource_status": "available",
            "routing_table": "r006-7efd06f1-a395-4239-a6c9-8c75e3bef424",
            "status": "available",
            "tags": [],
            "timeouts": null,
            "total_ipv4_address_count": 256,
            "vpc": "r006-28cbafba-43e3-42d1-ac9c-e743e44fb9e0",
            "zone": "us-south-2"
          },
          "sensitive_attributes": [],
          "private": "eyJlMmJmYjczMC1lY2FhLTExZTYtOGY4OC0zNDM2M2JjN2M0YzAiOnsiY3JlYXRlIjo2MDAwMDAwMDAwMDAsImRlbGV0ZSI6NjAwMDAwMDAwMDAwLCJ1cGRhdGUiOjYwMDAwMDAwMDAwMH19",
          "dependencies": [
            "data.ibm_is_vpc.vpc",
            "data.ibm_resource_group.rg",
            "module.vpc.ibm_is_vpc.itself"
          ]
        }
      ]
    },
    {
      "module": "module.subnet[\"6\"]",
      "mode": "managed",
      "type": "ibm_is_subnet",
      "name": "itself",
      "provider": "provider[\"registry.terraform.io/ibm-cloud/ibm\"]",
      "instances": [
        {
          "schema_version": 0,
          "attributes": {
            "access_tags": [],
            "available_ipv4_address_count": 251,
            "crn": "crn:v1:bluemix:public:is:us-south-2:a/01fedb4f3ff70b186d83cdb1e1de2943::subnet:0727-09ae15e2-af11-41e4-aa07-3a9f53cf4de6",
            "id": "0727-09ae15e2-af11-41e4-aa07-3a9f53cf4de6",
            "ip_version": "ipv4",
            "ipv4_cidr_block": "10.240.86.0/24",
            "name": "us-south-vpc-subnet-86",
            "network_acl": "r006-57b27df5-be6d-4b48-9da3-06e6d7cbd1a2",
            "public_gateway": "",
            "resource_controller_url": "https://cloud.ibm.com/vpc-ext/network/subnets",
            "resource_crn": "crn:v1:bluemix:public:is:us-south-2:a/01fedb4f3ff70b186d83cdb1e1de2943::subnet:0727-09ae15e2-af11-41e4-aa07-3a9f53cf4de6",
            "resource_group": "94270ba384ba4441b4e21fc5345c26ac",
            "resource_group_name": "us-south-rg",
            "resource_name": "us-south-vpc-subnet-86",
            "resource_status": "available",
            "routing_table": "r006-7efd06f1-a395-4239-a6c9-8c75e3bef424",
            "status": "available",
            "tags": [],
            "timeouts": null,
            "total_ipv4_address_count": 256,
            "vpc": "r006-28cbafba-43e3-42d1-ac9c-e743e44fb9e0",
            "zone": "us-south-2"
          },
          "sensitive_attributes": [],
          "private": "eyJlMmJmYjczMC1lY2FhLTExZTYtOGY4OC0zNDM2M2JjN2M0YzAiOnsiY3JlYXRlIjo2MDAwMDAwMDAwMDAsImRlbGV0ZSI6NjAwMDAwMDAwMDAwLCJ1cGRhdGUiOjYwMDAwMDAwMDAwMH19",
          "dependencies": [
            "data.ibm_is_vpc.vpc",
            "data.ibm_resource_group.rg",
            "module.vpc.ibm_is_vpc.itself"
          ]
        }
      ]
    },
    {
      "module": "module.subnet[\"7\"]",
      "mode": "managed",
      "type": "ibm_is_subnet",
      "name": "itself",
      "provider": "provider[\"registry.terraform.io/ibm-cloud/ibm\"]",
      "instances": [
        {
          "schema_version": 0,
          "attributes": {
            "access_tags": [],
            "available_ipv4_address_count": 251,
            "crn": "crn:v1:bluemix:public:is:us-south-2:a/01fedb4f3ff70b186d83cdb1e1de2943::subnet:0727-19930643-35cd-4205-bbac-3be16b2f8e73",
            "id": "0727-19930643-35cd-4205-bbac-3be16b2f8e73",
            "ip_version": "ipv4",
            "ipv4_cidr_block": "10.240.87.0/24",
            "name": "us-south-vpc-subnet-87",
            "network_acl": "r006-57b27df5-be6d-4b48-9da3-06e6d7cbd1a2",
            "public_gateway": "",
            "resource_controller_url": "https://cloud.ibm.com/vpc-ext/network/subnets",
            "resource_crn": "crn:v1:bluemix:public:is:us-south-2:a/01fedb4f3ff70b186d83cdb1e1de2943::subnet:0727-19930643-35cd-4205-bbac-3be16b2f8e73",
            "resource_group": "94270ba384ba4441b4e21fc5345c26ac",
            "resource_group_name": "us-south-rg",
            "resource_name": "us-south-vpc-subnet-87",
            "resource_status": "available",
            "routing_table": "r006-7efd06f1-a395-4239-a6c9-8c75e3bef424",
            "status": "available",
            "tags": [],
            "timeouts": null,
            "total_ipv4_address_count": 256,
            "vpc": "r006-28cbafba-43e3-42d1-ac9c-e743e44fb9e0",
            "zone": "us-south-2"
          },
          "sensitive_attributes": [],
          "private": "eyJlMmJmYjczMC1lY2FhLTExZTYtOGY4OC0zNDM2M2JjN2M0YzAiOnsiY3JlYXRlIjo2MDAwMDAwMDAwMDAsImRlbGV0ZSI6NjAwMDAwMDAwMDAwLCJ1cGRhdGUiOjYwMDAwMDAwMDAwMH19",
          "dependencies": [
            "data.ibm_is_vpc.vpc",
            "data.ibm_resource_group.rg",
            "module.vpc.ibm_is_vpc.itself"
          ]
        }
      ]
    },
    {
      "module": "module.subnet[\"8\"]",
      "mode": "managed",
      "type": "ibm_is_subnet",
      "name": "itself",
      "provider": "provider[\"registry.terraform.io/ibm-cloud/ibm\"]",
      "instances": [
        {
          "schema_version": 0,
          "attributes": {
            "access_tags": [],
            "available_ipv4_address_count": 251,
            "crn": "crn:v1:bluemix:public:is:us-south-3:a/01fedb4f3ff70b186d83cdb1e1de2943::subnet:0737-f79e65db-719b-490d-95b4-d6e65fd6d2a5",
            "id": "0737-f79e65db-719b-490d-95b4-d6e65fd6d2a5",
            "ip_version": "ipv4",
            "ipv4_cidr_block": "10.240.148.0/24",
            "name": "us-south-vpc-subnet-148",
            "network_acl": "r006-57b27df5-be6d-4b48-9da3-06e6d7cbd1a2",
            "public_gateway": "",
            "resource_controller_url": "https://cloud.ibm.com/vpc-ext/network/subnets",
            "resource_crn": "crn:v1:bluemix:public:is:us-south-3:a/01fedb4f3ff70b186d83cdb1e1de2943::subnet:0737-f79e65db-719b-490d-95b4-d6e65fd6d2a5",
            "resource_group": "94270ba384ba4441b4e21fc5345c26ac",
            "resource_group_name": "us-south-rg",
            "resource_name": "us-south-vpc-subnet-148",
            "resource_status": "available",
            "routing_table": "r006-7efd06f1-a395-4239-a6c9-8c75e3bef424",
            "status": "available",
            "tags": [],
            "timeouts": null,
            "total_ipv4_address_count": 256,
            "vpc": "r006-28cbafba-43e3-42d1-ac9c-e743e44fb9e0",
            "zone": "us-south-3"
          },
          "sensitive_attributes": [],
          "private": "eyJlMmJmYjczMC1lY2FhLTExZTYtOGY4OC0zNDM2M2JjN2M0YzAiOnsiY3JlYXRlIjo2MDAwMDAwMDAwMDAsImRlbGV0ZSI6NjAwMDAwMDAwMDAwLCJ1cGRhdGUiOjYwMDAwMDAwMDAwMH19",
          "dependencies": [
            "data.ibm_is_vpc.vpc",
            "data.ibm_resource_group.rg",
            "module.vpc.ibm_is_vpc.itself"
          ]
        }
      ]
    },
    {
      "module": "module.subnet[\"9\"]",
      "mode": "managed",
      "type": "ibm_is_subnet",
      "name": "itself",
      "provider": "provider[\"registry.terraform.io/ibm-cloud/ibm\"]",
      "instances": [
        {
          "schema_version": 0,
          "attributes": {
            "access_tags": [],
            "available_ipv4_address_count": 251,
            "crn": "crn:v1:bluemix:public:is:us-south-3:a/01fedb4f3ff70b186d83cdb1e1de2943::subnet:0737-c9dbab69-022e-4e4d-840a-1abf30adc0be",
            "id": "0737-c9dbab69-022e-4e4d-840a-1abf30adc0be",
            "ip_version": "ipv4",
            "ipv4_cidr_block": "10.240.149.0/24",
            "name": "us-south-vpc-subnet-149",
            "network_acl": "r006-57b27df5-be6d-4b48-9da3-06e6d7cbd1a2",
            "public_gateway": "",
            "resource_controller_url": "https://cloud.ibm.com/vpc-ext/network/subnets",
            "resource_crn": "crn:v1:bluemix:public:is:us-south-3:a/01fedb4f3ff70b186d83cdb1e1de2943::subnet:0737-c9dbab69-022e-4e4d-840a-1abf30adc0be",
            "resource_group": "94270ba384ba4441b4e21fc5345c26ac",
            "resource_group_name": "us-south-rg",
            "resource_name": "us-south-vpc-subnet-149",
            "resource_status": "available",
            "routing_table": "r006-7efd06f1-a395-4239-a6c9-8c75e3bef424",
            "status": "available",
            "tags": [],
            "timeouts": null,
            "total_ipv4_address_count": 256,
            "vpc": "r006-28cbafba-43e3-42d1-ac9c-e743e44fb9e0",
            "zone": "us-south-3"
          },
          "sensitive_attributes": [],
          "private": "eyJlMmJmYjczMC1lY2FhLTExZTYtOGY4OC0zNDM2M2JjN2M0YzAiOnsiY3JlYXRlIjo2MDAwMDAwMDAwMDAsImRlbGV0ZSI6NjAwMDAwMDAwMDAwLCJ1cGRhdGUiOjYwMDAwMDAwMDAwMH19",
          "dependencies": [
            "data.ibm_is_vpc.vpc",
            "data.ibm_resource_group.rg",
            "module.vpc.ibm_is_vpc.itself"
          ]
        }
      ]
    },
    {
      "module": "module.vpc",
      "mode": "managed",
      "type": "ibm_is_vpc",
      "name": "itself",
      "provider": "provider[\"registry.terraform.io/ibm-cloud/ibm\"]",
      "instances": [
        {
          "schema_version": 0,
          "attributes": {
            "access_tags": [],
            "address_prefix_management": "auto",
            "classic_access": false,
            "crn": "crn:v1:bluemix:public:is:us-south:a/01fedb4f3ff70b186d83cdb1e1de2943::vpc:r006-28cbafba-43e3-42d1-ac9c-e743e44fb9e0",
            "cse_source_addresses": [
              {
                "address": "10.249.199.155",
                "zone_name": "us-south-1"
              },
              {
                "address": "10.12.161.210",
                "zone_name": "us-south-2"
              },
              {
                "address": "10.12.167.245",
                "zone_name": "us-south-3"
              }
            ],
            "default_network_acl": "r006-57b27df5-be6d-4b48-9da3-06e6d7cbd1a2",
            "default_network_acl_crn": "crn:v1:bluemix:public:is:us-south:a/01fedb4f3ff70b186d83cdb1e1de2943::network-acl:r006-57b27df5-be6d-4b48-9da3-06e6d7cbd1a2",
            "default_network_acl_name": "unroll-linseed-suction-henna",
            "default_routing_table": "r006-7efd06f1-a395-4239-a6c9-8c75e3bef424",
            "default_routing_table_name": "concur-fritter-crafty-taps",
            "default_security_group": "r006-b1bb2181-13dd-44ec-ab71-0865d53e68e0",
            "default_security_group_crn": "crn:v1:bluemix:public:is:us-south:a/01fedb4f3ff70b186d83cdb1e1de2943::security-group:r006-b1bb2181-13dd-44ec-ab71-0865d53e68e0",
            "default_security_group_name": "conical-retrain-reverence-unclosed",
            "dns": [
              {
                "enable_hub": false,
                "resolution_binding_count": 0,
                "resolver": [
                  {
                    "configuration": "default",
                    "manual_servers": [],
                    "servers": [
                      {
                        "address": "161.26.0.10",
                        "zone_affinity": ""
                      },
                      {
                        "address": "161.26.0.11",
                        "zone_affinity": ""
                      }
                    ],
                    "type": "system",
                    "vpc_crn": "",
                    "vpc_id": "",
                    "vpc_name": "",
                    "vpc_remote_account_id": "",
                    "vpc_remote_region": ""
                  }
                ]
              }
            ],
            "health_reasons": [],
            "health_state": "ok",
            "id": "r006-28cbafba-43e3-42d1-ac9c-e743e44fb9e0",
            "name": "us-south-rg-vpc",
            "no_sg_acl_rules": false,
            "resource_controller_url": "https://cloud.ibm.com/vpc-ext/network/vpcs",
            "resource_crn": "crn:v1:bluemix:public:is:us-south:a/01fedb4f3ff70b186d83cdb1e1de2943::vpc:r006-28cbafba-43e3-42d1-ac9c-e743e44fb9e0",
            "resource_group": "94270ba384ba4441b4e21fc5345c26ac",
            "resource_group_name": "us-south-rg",
            "resource_name": "us-south-rg-vpc",
            "resource_status": "available",
            "security_group": [
              {
                "group_id": "r006-b1bb2181-13dd-44ec-ab71-0865d53e68e0",
                "group_name": "conical-retrain-reverence-unclosed",
                "rules": [
                  {
                    "code": 0,
                    "direction": "outbound",
                    "ip_version": "ipv4",
                    "port_max": 0,
                    "port_min": 0,
                    "protocol": "all",
                    "remote": "0.0.0.0/0",
                    "rule_id": "r006-44fa5af6-9395-469b-854e-7e0ddb905105",
                    "type": 0
                  },
                  {
                    "code": 0,
                    "direction": "inbound",
                    "ip_version": "ipv4",
                    "port_max": 0,
                    "port_min": 0,
                    "protocol": "all",
                    "remote": "r006-b1bb2181-13dd-44ec-ab71-0865d53e68e0",
                    "rule_id": "r006-02b2d855-373a-4948-875a-42731f0ead6f",
                    "type": 0
                  }
                ]
              }
            ],
            "status": "available",
            "subnets": [
              {
                "available_ipv4_address_count": 251,
                "id": "0737-c9dbab69-022e-4e4d-840a-1abf30adc0be",
                "name": "us-south-vpc-subnet-149",
                "status": "available",
                "total_ipv4_address_count": 256,
                "zone": "us-south-3"
              },
              {
                "available_ipv4_address_count": 251,
                "id": "0727-19930643-35cd-4205-bbac-3be16b2f8e73",
                "name": "us-south-vpc-subnet-87",
                "status": "available",
                "total_ipv4_address_count": 256,
                "zone": "us-south-2"
              },
              {
                "available_ipv4_address_count": 251,
                "id": "0717-dbaf8520-d7cd-4978-a939-c85d506d51b8",
                "name": "us-south-vpc-subnet-22",
                "status": "available",
                "total_ipv4_address_count": 256,
                "zone": "us-south-1"
              },
              {
                "available_ipv4_address_count": 251,
                "id": "0727-09ae15e2-af11-41e4-aa07-3a9f53cf4de6",
                "name": "us-south-vpc-subnet-86",
                "status": "available",
                "total_ipv4_address_count": 256,
                "zone": "us-south-2"
              },
              {
                "available_ipv4_address_count": 251,
                "id": "0737-a2ae4b7f-4c8e-4b1d-a54b-bee020859ef1",
                "name": "us-south-vpc-subnet-151",
                "status": "available",
                "total_ipv4_address_count": 256,
                "zone": "us-south-3"
              },
              {
                "available_ipv4_address_count": 251,
                "id": "0717-bf9410bd-1d1a-4df2-8ccc-70de0b07ae34",
                "name": "us-south-vpc-subnet-20",
                "status": "available",
                "total_ipv4_address_count": 256,
                "zone": "us-south-1"
              },
              {
                "available_ipv4_address_count": 251,
                "id": "0717-384bab02-02c9-4d1d-8f4c-69f5ca86b174",
                "name": "us-south-vpc-subnet-21",
                "status": "available",
                "total_ipv4_address_count": 256,
                "zone": "us-south-1"
              },
              {
                "available_ipv4_address_count": 251,
                "id": "0727-666f69a0-02dc-4343-bd5a-72e7b223b72b",
                "name": "us-south-vpc-subnet-84",
                "status": "available",
                "total_ipv4_address_count": 256,
                "zone": "us-south-2"
              },
              {
                "available_ipv4_address_count": 251,
                "id": "0737-f79e65db-719b-490d-95b4-d6e65fd6d2a5",
                "name": "us-south-vpc-subnet-148",
                "status": "available",
                "total_ipv4_address_count": 256,
                "zone": "us-south-3"
              },
              {
                "available_ipv4_address_count": 251,
                "id": "0717-714d8f9a-cf85-4f40-80dc-bc1731313114",
                "name": "us-south-vpc-subnet-23",
                "status": "available",
                "total_ipv4_address_count": 256,
                "zone": "us-south-1"
              },
              {
                "available_ipv4_address_count": 251,
                "id": "0727-71a8a656-cbec-4d21-a5ff-83053cf5a2c2",
                "name": "us-south-vpc-subnet-85",
                "status": "available",
                "total_ipv4_address_count": 256,
                "zone": "us-south-2"
              },
              {
                "available_ipv4_address_count": 251,
                "id": "0737-53829807-ead4-47c4-9c9b-f3d83e83de85",
                "name": "us-south-vpc-subnet-150",
                "status": "available",
                "total_ipv4_address_count": 256,
                "zone": "us-south-3"
              }
            ],
            "tags": [],
            "timeouts": null
          },
          "sensitive_attributes": [],
          "private": "eyJlMmJmYjczMC1lY2FhLTExZTYtOGY4OC0zNDM2M2JjN2M0YzAiOnsiY3JlYXRlIjo2MDAwMDAwMDAwMDAsImRlbGV0ZSI6NjAwMDAwMDAwMDAwfX0=",
          "dependencies": [
            "data.ibm_resource_group.rg"
          ]
        }
      ]
    },
    {
      "module": "module.vsi",
      "mode": "managed",
      "type": "ibm_is_instance",
      "name": "itself",
      "provider": "provider[\"registry.terraform.io/ibm-cloud/ibm\"]",
      "instances": [
        {
          "schema_version": 0,
          "attributes": {
            "access_tags": [],
            "action": null,
            "auto_delete_volume": null,
            "availability_policy_host_failure": "restart",
            "bandwidth": 4000,
            "boot_volume": [
              {
                "auto_delete_volume": true,
                "encryption": "",
                "iops": 3000,
                "name": "unlined-floral-cabdriver-lunchbox",
                "profile": "general-purpose",
                "size": 100,
                "snapshot": "",
                "tags": [],
                "volume_id": "r006-e3fe3d65-328d-4fe2-976e-c8eb630166ed"
              }
            ],
            "catalog_offering": [],
            "crn": "crn:v1:bluemix:public:is:us-south-1:a/01fedb4f3ff70b186d83cdb1e1de2943::instance:0717_22e4a910-3aa5-4e21-8dfe-33c8bac1a6ee",
            "dedicated_host": null,
            "dedicated_host_group": null,
            "default_trusted_profile_auto_link": null,
            "default_trusted_profile_target": null,
            "disks": [],
            "force_action": false,
            "force_recovery_time": null,
            "gpu": [],
            "id": "0717_22e4a910-3aa5-4e21-8dfe-33c8bac1a6ee",
            "image": "r006-ed1c7d43-713b-4b74-b335-4aa7ddcb0b68",
            "instance_template": null,
            "keys": [
              "r006-a68aedcd-da33-41a7-84a8-2b1ee647614a"
            ],
            "lifecycle_reasons": [],
            "lifecycle_state": "stable",
            "memory": 8,
            "metadata_service": [
              {
                "enabled": false,
                "protocol": "http",
                "response_hop_limit": 1
              }
            ],
            "metadata_service_enabled": false,
            "name": "my-vsi",
            "network_interfaces": [],
            "placement_group": null,
            "placement_target": [],
            "primary_network_interface": [
              {
                "allow_ip_spoofing": false,
                "id": "0717-75d16d04-6c17-4ce3-bd86-e5a87c6f5099",
                "name": "clapped-record-cation-flier",
                "port_speed": 3000,
                "primary_ip": [
                  {
                    "address": "10.240.20.4",
                    "auto_delete": true,
                    "href": "https://us-south.iaas.cloud.ibm.com/v1/subnets/0717-bf9410bd-1d1a-4df2-8ccc-70de0b07ae34/reserved_ips/0717-13a67bc1-4720-4545-b757-dbbfa34adbe9",
                    "name": "aftermost-stopper-anthem-uncaring",
                    "reserved_ip": "0717-13a67bc1-4720-4545-b757-dbbfa34adbe9",
                    "resource_type": "subnet_reserved_ip"
                  }
                ],
                "primary_ipv4_address": "10.240.20.4",
                "security_groups": [
                  "r006-b1bb2181-13dd-44ec-ab71-0865d53e68e0"
                ],
                "subnet": "0717-bf9410bd-1d1a-4df2-8ccc-70de0b07ae34"
              }
            ],
            "profile": "bx2-2x8",
            "resource_controller_url": "https://cloud.ibm.com/vpc-ext/compute/vs",
            "resource_crn": "crn:v1:bluemix:public:is:us-south-1:a/01fedb4f3ff70b186d83cdb1e1de2943::instance:0717_22e4a910-3aa5-4e21-8dfe-33c8bac1a6ee",
            "resource_group": "94270ba384ba4441b4e21fc5345c26ac",
            "resource_group_name": "us-south-rg",
            "resource_name": "my-vsi",
            "resource_status": "running",
            "status": "running",
            "status_reasons": [],
            "tags": [],
            "timeouts": null,
            "total_network_bandwidth": 3000,
            "total_volume_bandwidth": 1000,
            "user_data": null,
            "vcpu": [
              {
                "architecture": "amd64",
                "count": 2,
                "manufacturer": "intel"
              }
            ],
            "volume_attachments": [
              {
                "id": "0717-3d20c5f6-eee2-4ef4-801a-9b541a6de1e1",
                "name": "simply-thirsting-sitting-rocking",
                "volume_crn": "crn:v1:bluemix:public:is:us-south-1:a/01fedb4f3ff70b186d83cdb1e1de2943::volume:r006-e3fe3d65-328d-4fe2-976e-c8eb630166ed",
                "volume_id": "r006-e3fe3d65-328d-4fe2-976e-c8eb630166ed",
                "volume_name": "unlined-floral-cabdriver-lunchbox"
              }
            ],
            "volumes": null,
            "vpc": "r006-28cbafba-43e3-42d1-ac9c-e743e44fb9e0",
            "wait_before_delete": true,
            "zone": "us-south-1"
          },
          "sensitive_attributes": [],
          "private": "eyJlMmJmYjczMC1lY2FhLTExZTYtOGY4OC0zNDM2M2JjN2M0YzAiOnsiY3JlYXRlIjoxODAwMDAwMDAwMDAwLCJkZWxldGUiOjE4MDAwMDAwMDAwMDAsInVwZGF0ZSI6MTgwMDAwMDAwMDAwMH19",
          "dependencies": [
            "data.ibm_is_image.stock_image",
            "data.ibm_is_vpc.vpc",
            "data.ibm_resource_group.rg",
            "module.ssh-keys.ibm_is_ssh_key.itself",
            "module.subnet.ibm_is_subnet.itself"
          ]
        }
      ]
    }
  ],
  "check_results": null
}
