{
  "version": 4,
  "terraform_version": "1.3.7",
  "serial": 5,
  "lineage": "dd356e06-b98d-9bb2-12e4-6b8f12908686",
  "outputs": {},
  "resources": [
    {
      "mode": "data",
      "type": "ibm_resource_group",
      "name": "resource_group",
      "provider": "provider[\"registry.terraform.io/ibm-cloud/ibm\"]",
      "instances": [
        {
          "schema_version": 0,
          "attributes": {
            "account_id": "01fedb4f3ff70b186d83cdb1e1de2943",
            "created_at": "2021-11-05T19:12:50.608Z",
            "crn": "crn:v1:bluemix:public:resource-controller::a/01fedb4f3ff70b186d83cdb1e1de2943::resource-group:d307e980e6964e07965e0eec58798047",
            "id": "d307e980e6964e07965e0eec58798047",
            "is_default": false,
            "name": "test-per-db",
            "payment_methods_url": null,
            "quota_id": "a3d7b8d01e261c24677937c29ab33f3c",
            "quota_url": "/v2/quota_definitions/a3d7b8d01e261c24677937c29ab33f3c",
            "resource_linkages": [],
            "state": "ACTIVE",
            "teams_url": null,
            "updated_at": "2021-11-05T19:12:50.608Z"
          },
          "sensitive_attributes": []
        }
      ]
    },
    {
      "mode": "managed",
      "type": "ibm_is_public_gateway",
      "name": "vpc_gateways",
      "provider": "provider[\"registry.terraform.io/ibm-cloud/ibm\"]",
      "instances": [
        {
          "index_key": "0",
          "schema_version": 0,
          "attributes": {
            "access_tags": [],
            "crn": "crn:v1:bluemix:public:is:us-south-1:a/01fedb4f3ff70b186d83cdb1e1de2943::public-gateway:r006-111b2b67-eadf-4c53-8c6e-5b50e39d8c7c",
            "floating_ip": {
              "address": "52.116.128.137",
              "id": "r006-8f485bd9-1278-4b55-a253-7b0fbb9f7878"
            },
            "id": "r006-111b2b67-eadf-4c53-8c6e-5b50e39d8c7c",
            "name": "us-south-gateway-1",
            "resource_controller_url": "https://cloud.ibm.com/vpc-ext/network/publicGateways",
            "resource_crn": "crn:v1:bluemix:public:is:us-south-1:a/01fedb4f3ff70b186d83cdb1e1de2943::public-gateway:r006-111b2b67-eadf-4c53-8c6e-5b50e39d8c7c",
            "resource_group": "d307e980e6964e07965e0eec58798047",
            "resource_group_name": "test-per-db",
            "resource_name": "us-south-gateway-1",
            "resource_status": "available",
            "status": "available",
            "tags": [],
            "timeouts": null,
            "vpc": "r006-696732a7-0aee-4a08-9c80-6b5a24b5a7c5",
            "zone": "us-south-1"
          },
          "sensitive_attributes": [],
          "private": "eyJlMmJmYjczMC1lY2FhLTExZTYtOGY4OC0zNDM2M2JjN2M0YzAiOnsiY3JlYXRlIjo2MDAwMDAwMDAwMDAsImRlbGV0ZSI6NjAwMDAwMDAwMDAwfX0=",
          "dependencies": [
            "data.ibm_resource_group.resource_group",
            "ibm_is_vpc.testacc_vpc"
          ]
        },
        {
          "index_key": "1",
          "schema_version": 0,
          "attributes": {
            "access_tags": [],
            "crn": "crn:v1:bluemix:public:is:us-south-2:a/01fedb4f3ff70b186d83cdb1e1de2943::public-gateway:r006-0f4e41e1-e599-4298-9e77-0c8b04fd37a0",
            "floating_ip": {
              "address": "150.239.164.8",
              "id": "r006-95674def-8422-4cc4-b05b-215d09665f01"
            },
            "id": "r006-0f4e41e1-e599-4298-9e77-0c8b04fd37a0",
            "name": "us-south-gateway-2",
            "resource_controller_url": "https://cloud.ibm.com/vpc-ext/network/publicGateways",
            "resource_crn": "crn:v1:bluemix:public:is:us-south-2:a/01fedb4f3ff70b186d83cdb1e1de2943::public-gateway:r006-0f4e41e1-e599-4298-9e77-0c8b04fd37a0",
            "resource_group": "d307e980e6964e07965e0eec58798047",
            "resource_group_name": "test-per-db",
            "resource_name": "us-south-gateway-2",
            "resource_status": "available",
            "status": "available",
            "tags": [],
            "timeouts": null,
            "vpc": "r006-696732a7-0aee-4a08-9c80-6b5a24b5a7c5",
            "zone": "us-south-2"
          },
          "sensitive_attributes": [],
          "private": "eyJlMmJmYjczMC1lY2FhLTExZTYtOGY4OC0zNDM2M2JjN2M0YzAiOnsiY3JlYXRlIjo2MDAwMDAwMDAwMDAsImRlbGV0ZSI6NjAwMDAwMDAwMDAwfX0=",
          "dependencies": [
            "data.ibm_resource_group.resource_group",
            "ibm_is_vpc.testacc_vpc"
          ]
        },
        {
          "index_key": "2",
          "schema_version": 0,
          "attributes": {
            "access_tags": [],
            "crn": "crn:v1:bluemix:public:is:us-south-3:a/01fedb4f3ff70b186d83cdb1e1de2943::public-gateway:r006-4c41ee85-c4ed-4dcb-8ac0-d462c3b01b33",
            "floating_ip": {
              "address": "169.59.32.86",
              "id": "r006-829f09a5-ed4f-4bde-a235-a8ae793ff9ae"
            },
            "id": "r006-4c41ee85-c4ed-4dcb-8ac0-d462c3b01b33",
            "name": "us-south-gateway-3",
            "resource_controller_url": "https://cloud.ibm.com/vpc-ext/network/publicGateways",
            "resource_crn": "crn:v1:bluemix:public:is:us-south-3:a/01fedb4f3ff70b186d83cdb1e1de2943::public-gateway:r006-4c41ee85-c4ed-4dcb-8ac0-d462c3b01b33",
            "resource_group": "d307e980e6964e07965e0eec58798047",
            "resource_group_name": "test-per-db",
            "resource_name": "us-south-gateway-3",
            "resource_status": "available",
            "status": "available",
            "tags": [],
            "timeouts": null,
            "vpc": "r006-696732a7-0aee-4a08-9c80-6b5a24b5a7c5",
            "zone": "us-south-3"
          },
          "sensitive_attributes": [],
          "private": "eyJlMmJmYjczMC1lY2FhLTExZTYtOGY4OC0zNDM2M2JjN2M0YzAiOnsiY3JlYXRlIjo2MDAwMDAwMDAwMDAsImRlbGV0ZSI6NjAwMDAwMDAwMDAwfX0=",
          "dependencies": [
            "data.ibm_resource_group.resource_group",
            "ibm_is_vpc.testacc_vpc"
          ]
        }
      ]
    },
    {
      "mode": "managed",
      "type": "ibm_is_vpc",
      "name": "testacc_vpc",
      "provider": "provider[\"registry.terraform.io/ibm-cloud/ibm\"]",
      "instances": [
        {
          "schema_version": 0,
          "attributes": {
            "access_tags": [],
            "address_prefix_management": "auto",
            "classic_access": false,
            "crn": "crn:v1:bluemix:public:is:us-south:a/01fedb4f3ff70b186d83cdb1e1de2943::vpc:r006-696732a7-0aee-4a08-9c80-6b5a24b5a7c5",
            "cse_source_addresses": [
              {
                "address": "10.22.212.8",
                "zone_name": "us-south-1"
              },
              {
                "address": "10.249.206.42",
                "zone_name": "us-south-2"
              },
              {
                "address": "10.22.231.188",
                "zone_name": "us-south-3"
              }
            ],
            "default_network_acl": "r006-61ac64f8-ddb0-448b-89e8-a3f21cb2addd",
            "default_network_acl_crn": "crn:v1:bluemix:public:is:us-south:a/01fedb4f3ff70b186d83cdb1e1de2943::network-acl:r006-61ac64f8-ddb0-448b-89e8-a3f21cb2addd",
            "default_network_acl_name": "favorably-unfitted-swab-gating",
            "default_routing_table": "r006-122262a9-b56a-4240-b30c-f358c8a5477a",
            "default_routing_table_name": "cogwheel-pyramid-chill-swimmer",
            "default_security_group": "r006-ce520275-bfcb-43cf-9e3f-12adcf245dfb",
            "default_security_group_crn": "crn:v1:bluemix:public:is:us-south:a/01fedb4f3ff70b186d83cdb1e1de2943::security-group:r006-ce520275-bfcb-43cf-9e3f-12adcf245dfb",
            "default_security_group_name": "chaperone-disobey-safehouse-profound",
            "dns": [
              {
                "enable_hub": false,
                "resolution_binding_count": 0,
                "resolver": [
                  {
                    "configuration": "default",
                    "manual_servers": [],
                    "servers": [
                      {
                        "address": "161.26.0.10",
                        "zone_affinity": ""
                      },
                      {
                        "address": "161.26.0.11",
                        "zone_affinity": ""
                      }
                    ],
                    "type": "system",
                    "vpc_crn": "",
                    "vpc_id": "",
                    "vpc_name": "",
                    "vpc_remote_account_id": "",
                    "vpc_remote_region": ""
                  }
                ]
              }
            ],
            "health_reasons": [],
            "health_state": "ok",
            "id": "r006-696732a7-0aee-4a08-9c80-6b5a24b5a7c5",
            "name": "test-per-db-vpc",
            "no_sg_acl_rules": false,
            "resource_controller_url": "https://cloud.ibm.com/vpc-ext/network/vpcs",
            "resource_crn": "crn:v1:bluemix:public:is:us-south:a/01fedb4f3ff70b186d83cdb1e1de2943::vpc:r006-696732a7-0aee-4a08-9c80-6b5a24b5a7c5",
            "resource_group": "d307e980e6964e07965e0eec58798047",
            "resource_group_name": "test-per-db",
            "resource_name": "test-per-db-vpc",
            "resource_status": "available",
            "security_group": [
              {
                "group_id": "r006-ce520275-bfcb-43cf-9e3f-12adcf245dfb",
                "group_name": "chaperone-disobey-safehouse-profound",
                "rules": [
                  {
                    "code": 0,
                    "direction": "outbound",
                    "ip_version": "ipv4",
                    "port_max": 0,
                    "port_min": 0,
                    "protocol": "all",
                    "remote": "0.0.0.0/0",
                    "rule_id": "r006-8b2d46c8-4d68-4c0e-a717-4ae30c995b54",
                    "type": 0
                  },
                  {
                    "code": 0,
                    "direction": "inbound",
                    "ip_version": "ipv4",
                    "port_max": 0,
                    "port_min": 0,
                    "protocol": "all",
                    "remote": "r006-ce520275-bfcb-43cf-9e3f-12adcf245dfb",
                    "rule_id": "r006-599a85c8-42f7-4350-82c4-0c713d01df7d",
                    "type": 0
                  }
                ]
              }
            ],
            "status": "available",
            "subnets": [],
            "tags": [],
            "timeouts": null
          },
          "sensitive_attributes": [],
          "private": "eyJlMmJmYjczMC1lY2FhLTExZTYtOGY4OC0zNDM2M2JjN2M0YzAiOnsiY3JlYXRlIjo2MDAwMDAwMDAwMDAsImRlbGV0ZSI6NjAwMDAwMDAwMDAwfX0=",
          "dependencies": [
            "data.ibm_resource_group.resource_group"
          ]
        }
      ]
    }
  ],
  "check_results": null
}
