{
  "version": 4,
  "terraform_version": "1.3.7",
  "serial": 17,
  "lineage": "1b25448f-2e27-d38c-f5b4-a62498accfee",
  "outputs": {},
  "resources": [
    {
      "mode": "data",
      "type": "ibm_resource_group",
      "name": "resource_group",
      "provider": "provider[\"registry.terraform.io/ibm-cloud/ibm\"]",
      "instances": [
        {
          "schema_version": 0,
          "attributes": {
            "account_id": "01fedb4f3ff70b186d83cdb1e1de2943",
            "created_at": "2023-10-12T09:26:29.824Z",
            "crn": "crn:v1:bluemix:public:resource-controller::a/01fedb4f3ff70b186d83cdb1e1de2943::resource-group:94270ba384ba4441b4e21fc5345c26ac",
            "id": "94270ba384ba4441b4e21fc5345c26ac",
            "is_default": false,
            "name": "us-south-rg",
            "payment_methods_url": null,
            "quota_id": "a3d7b8d01e261c24677937c29ab33f3c",
            "quota_url": "/v2/quota_definitions/a3d7b8d01e261c24677937c29ab33f3c",
            "resource_linkages": [],
            "state": "ACTIVE",
            "teams_url": null,
            "updated_at": "2023-10-12T09:26:29.824Z"
          },
          "sensitive_attributes": []
        }
      ]
    },
    {
      "mode": "managed",
      "type": "ibm_is_public_gateway",
      "name": "vpc_gateways",
      "provider": "provider[\"registry.terraform.io/ibm-cloud/ibm\"]",
      "instances": [
        {
          "index_key": 0,
          "schema_version": 0,
          "attributes": {
            "access_tags": [],
            "crn": "crn:v1:bluemix:public:is:us-south-1:a/01fedb4f3ff70b186d83cdb1e1de2943::public-gateway:r006-635fdeed-1311-4f5e-894c-cce43a6c509a",
            "floating_ip": {
              "address": "52.118.185.214",
              "id": "r006-8c4ca994-705e-4473-a1e2-c2172594a767"
            },
            "id": "r006-635fdeed-1311-4f5e-894c-cce43a6c509a",
            "name": "us-south-gateway-1",
            "resource_controller_url": "https://cloud.ibm.com/vpc-ext/network/publicGateways",
            "resource_crn": "crn:v1:bluemix:public:is:us-south-1:a/01fedb4f3ff70b186d83cdb1e1de2943::public-gateway:r006-635fdeed-1311-4f5e-894c-cce43a6c509a",
            "resource_group": "94270ba384ba4441b4e21fc5345c26ac",
            "resource_group_name": "us-south-rg",
            "resource_name": "us-south-gateway-1",
            "resource_status": "available",
            "status": "available",
            "tags": [],
            "timeouts": null,
            "vpc": "r006-11305ebf-af4d-4532-a13d-b512322565f9",
            "zone": "us-south-1"
          },
          "sensitive_attributes": [],
          "private": "eyJlMmJmYjczMC1lY2FhLTExZTYtOGY4OC0zNDM2M2JjN2M0YzAiOnsiY3JlYXRlIjo2MDAwMDAwMDAwMDAsImRlbGV0ZSI6NjAwMDAwMDAwMDAwfX0=",
          "dependencies": [
            "data.ibm_resource_group.resource_group",
            "ibm_is_vpc.testacc_vpc"
          ]
        },
        {
          "index_key": 1,
          "schema_version": 0,
          "attributes": {
            "access_tags": [],
            "crn": "crn:v1:bluemix:public:is:us-south-2:a/01fedb4f3ff70b186d83cdb1e1de2943::public-gateway:r006-08003266-7294-48f4-a2fe-fb6109ce785c",
            "floating_ip": {
              "address": "52.118.250.198",
              "id": "r006-ff6ea9c8-a243-47e5-9cde-0ae976c6b7e9"
            },
            "id": "r006-08003266-7294-48f4-a2fe-fb6109ce785c",
            "name": "us-south-gateway-2",
            "resource_controller_url": "https://cloud.ibm.com/vpc-ext/network/publicGateways",
            "resource_crn": "crn:v1:bluemix:public:is:us-south-2:a/01fedb4f3ff70b186d83cdb1e1de2943::public-gateway:r006-08003266-7294-48f4-a2fe-fb6109ce785c",
            "resource_group": "94270ba384ba4441b4e21fc5345c26ac",
            "resource_group_name": "us-south-rg",
            "resource_name": "us-south-gateway-2",
            "resource_status": "available",
            "status": "available",
            "tags": [],
            "timeouts": null,
            "vpc": "r006-11305ebf-af4d-4532-a13d-b512322565f9",
            "zone": "us-south-2"
          },
          "sensitive_attributes": [],
          "private": "eyJlMmJmYjczMC1lY2FhLTExZTYtOGY4OC0zNDM2M2JjN2M0YzAiOnsiY3JlYXRlIjo2MDAwMDAwMDAwMDAsImRlbGV0ZSI6NjAwMDAwMDAwMDAwfX0=",
          "dependencies": [
            "data.ibm_resource_group.resource_group",
            "ibm_is_vpc.testacc_vpc"
          ]
        },
        {
          "index_key": 2,
          "schema_version": 0,
          "attributes": {
            "access_tags": [],
            "crn": "crn:v1:bluemix:public:is:us-south-3:a/01fedb4f3ff70b186d83cdb1e1de2943::public-gateway:r006-0fd692f6-467f-4ac8-9985-73a21cdc9959",
            "floating_ip": {
              "address": "52.118.79.69",
              "id": "r006-0e534cee-a7c7-4f03-b887-2b3bcb221280"
            },
            "id": "r006-0fd692f6-467f-4ac8-9985-73a21cdc9959",
            "name": "us-south-gateway-3",
            "resource_controller_url": "https://cloud.ibm.com/vpc-ext/network/publicGateways",
            "resource_crn": "crn:v1:bluemix:public:is:us-south-3:a/01fedb4f3ff70b186d83cdb1e1de2943::public-gateway:r006-0fd692f6-467f-4ac8-9985-73a21cdc9959",
            "resource_group": "94270ba384ba4441b4e21fc5345c26ac",
            "resource_group_name": "us-south-rg",
            "resource_name": "us-south-gateway-3",
            "resource_status": "available",
            "status": "available",
            "tags": [],
            "timeouts": null,
            "vpc": "r006-11305ebf-af4d-4532-a13d-b512322565f9",
            "zone": "us-south-3"
          },
          "sensitive_attributes": [],
          "private": "eyJlMmJmYjczMC1lY2FhLTExZTYtOGY4OC0zNDM2M2JjN2M0YzAiOnsiY3JlYXRlIjo2MDAwMDAwMDAwMDAsImRlbGV0ZSI6NjAwMDAwMDAwMDAwfX0=",
          "dependencies": [
            "data.ibm_resource_group.resource_group",
            "ibm_is_vpc.testacc_vpc"
          ]
        }
      ]
    },
    {
      "mode": "managed",
      "type": "ibm_is_subnet",
      "name": "vpc_subnets",
      "provider": "provider[\"registry.terraform.io/ibm-cloud/ibm\"]",
      "instances": [
        {
          "index_key": "0",
          "schema_version": 0,
          "attributes": {
            "access_tags": [],
            "available_ipv4_address_count": 251,
            "crn": "crn:v1:bluemix:public:is:us-south-1:a/01fedb4f3ff70b186d83cdb1e1de2943::subnet:0717-c638ca1d-d5c1-430e-8c65-4974526b9da3",
            "id": "0717-c638ca1d-d5c1-430e-8c65-4974526b9da3",
            "ip_version": "ipv4",
            "ipv4_cidr_block": "10.240.20.0/24",
            "name": "us-south-vpc-subnet-20",
            "network_acl": "r006-01c1df3f-e329-4f4f-8e21-39ec8fcbbafa",
            "public_gateway": "r006-635fdeed-1311-4f5e-894c-cce43a6c509a",
            "resource_controller_url": "https://cloud.ibm.com/vpc-ext/network/subnets",
            "resource_crn": "crn:v1:bluemix:public:is:us-south-1:a/01fedb4f3ff70b186d83cdb1e1de2943::subnet:0717-c638ca1d-d5c1-430e-8c65-4974526b9da3",
            "resource_group": "94270ba384ba4441b4e21fc5345c26ac",
            "resource_group_name": "us-south-rg",
            "resource_name": "us-south-vpc-subnet-20",
            "resource_status": "available",
            "routing_table": "r006-960f3b81-c318-487e-86bd-3f3be1bdceb1",
            "status": "available",
            "tags": [],
            "timeouts": null,
            "total_ipv4_address_count": 256,
            "vpc": "r006-11305ebf-af4d-4532-a13d-b512322565f9",
            "zone": "us-south-1"
          },
          "sensitive_attributes": [],
          "private": "eyJlMmJmYjczMC1lY2FhLTExZTYtOGY4OC0zNDM2M2JjN2M0YzAiOnsiY3JlYXRlIjo2MDAwMDAwMDAwMDAsImRlbGV0ZSI6NjAwMDAwMDAwMDAwLCJ1cGRhdGUiOjYwMDAwMDAwMDAwMH19",
          "dependencies": [
            "data.ibm_resource_group.resource_group",
            "ibm_is_public_gateway.vpc_gateways",
            "ibm_is_vpc.testacc_vpc"
          ]
        },
        {
          "index_key": "1",
          "schema_version": 0,
          "attributes": {
            "access_tags": [],
            "available_ipv4_address_count": 251,
            "crn": "crn:v1:bluemix:public:is:us-south-1:a/01fedb4f3ff70b186d83cdb1e1de2943::subnet:0717-52997591-cadb-41fb-8559-e85e4da1ad13",
            "id": "0717-52997591-cadb-41fb-8559-e85e4da1ad13",
            "ip_version": "ipv4",
            "ipv4_cidr_block": "10.240.21.0/24",
            "name": "us-south-vpc-subnet-21",
            "network_acl": "r006-01c1df3f-e329-4f4f-8e21-39ec8fcbbafa",
            "public_gateway": "r006-635fdeed-1311-4f5e-894c-cce43a6c509a",
            "resource_controller_url": "https://cloud.ibm.com/vpc-ext/network/subnets",
            "resource_crn": "crn:v1:bluemix:public:is:us-south-1:a/01fedb4f3ff70b186d83cdb1e1de2943::subnet:0717-52997591-cadb-41fb-8559-e85e4da1ad13",
            "resource_group": "94270ba384ba4441b4e21fc5345c26ac",
            "resource_group_name": "us-south-rg",
            "resource_name": "us-south-vpc-subnet-21",
            "resource_status": "available",
            "routing_table": "r006-960f3b81-c318-487e-86bd-3f3be1bdceb1",
            "status": "available",
            "tags": [],
            "timeouts": null,
            "total_ipv4_address_count": 256,
            "vpc": "r006-11305ebf-af4d-4532-a13d-b512322565f9",
            "zone": "us-south-1"
          },
          "sensitive_attributes": [],
          "private": "eyJlMmJmYjczMC1lY2FhLTExZTYtOGY4OC0zNDM2M2JjN2M0YzAiOnsiY3JlYXRlIjo2MDAwMDAwMDAwMDAsImRlbGV0ZSI6NjAwMDAwMDAwMDAwLCJ1cGRhdGUiOjYwMDAwMDAwMDAwMH19",
          "dependencies": [
            "data.ibm_resource_group.resource_group",
            "ibm_is_public_gateway.vpc_gateways",
            "ibm_is_vpc.testacc_vpc"
          ]
        },
        {
          "index_key": "10",
          "schema_version": 0,
          "attributes": {
            "access_tags": [],
            "available_ipv4_address_count": 251,
            "crn": "crn:v1:bluemix:public:is:us-south-3:a/01fedb4f3ff70b186d83cdb1e1de2943::subnet:0737-9ed948ff-2b65-4b6b-acf6-df90b3a0b82a",
            "id": "0737-9ed948ff-2b65-4b6b-acf6-df90b3a0b82a",
            "ip_version": "ipv4",
            "ipv4_cidr_block": "10.240.150.0/24",
            "name": "us-south-vpc-subnet-150",
            "network_acl": "r006-01c1df3f-e329-4f4f-8e21-39ec8fcbbafa",
            "public_gateway": "r006-0fd692f6-467f-4ac8-9985-73a21cdc9959",
            "resource_controller_url": "https://cloud.ibm.com/vpc-ext/network/subnets",
            "resource_crn": "crn:v1:bluemix:public:is:us-south-3:a/01fedb4f3ff70b186d83cdb1e1de2943::subnet:0737-9ed948ff-2b65-4b6b-acf6-df90b3a0b82a",
            "resource_group": "94270ba384ba4441b4e21fc5345c26ac",
            "resource_group_name": "us-south-rg",
            "resource_name": "us-south-vpc-subnet-150",
            "resource_status": "available",
            "routing_table": "r006-960f3b81-c318-487e-86bd-3f3be1bdceb1",
            "status": "available",
            "tags": [],
            "timeouts": null,
            "total_ipv4_address_count": 256,
            "vpc": "r006-11305ebf-af4d-4532-a13d-b512322565f9",
            "zone": "us-south-3"
          },
          "sensitive_attributes": [],
          "private": "eyJlMmJmYjczMC1lY2FhLTExZTYtOGY4OC0zNDM2M2JjN2M0YzAiOnsiY3JlYXRlIjo2MDAwMDAwMDAwMDAsImRlbGV0ZSI6NjAwMDAwMDAwMDAwLCJ1cGRhdGUiOjYwMDAwMDAwMDAwMH19",
          "dependencies": [
            "data.ibm_resource_group.resource_group",
            "ibm_is_public_gateway.vpc_gateways",
            "ibm_is_vpc.testacc_vpc"
          ]
        },
        {
          "index_key": "11",
          "schema_version": 0,
          "attributes": {
            "access_tags": [],
            "available_ipv4_address_count": 251,
            "crn": "crn:v1:bluemix:public:is:us-south-3:a/01fedb4f3ff70b186d83cdb1e1de2943::subnet:0737-c173ff12-774e-445f-839f-8e720069b8ac",
            "id": "0737-c173ff12-774e-445f-839f-8e720069b8ac",
            "ip_version": "ipv4",
            "ipv4_cidr_block": "10.240.151.0/24",
            "name": "us-south-vpc-subnet-151",
            "network_acl": "r006-01c1df3f-e329-4f4f-8e21-39ec8fcbbafa",
            "public_gateway": "r006-0fd692f6-467f-4ac8-9985-73a21cdc9959",
            "resource_controller_url": "https://cloud.ibm.com/vpc-ext/network/subnets",
            "resource_crn": "crn:v1:bluemix:public:is:us-south-3:a/01fedb4f3ff70b186d83cdb1e1de2943::subnet:0737-c173ff12-774e-445f-839f-8e720069b8ac",
            "resource_group": "94270ba384ba4441b4e21fc5345c26ac",
            "resource_group_name": "us-south-rg",
            "resource_name": "us-south-vpc-subnet-151",
            "resource_status": "available",
            "routing_table": "r006-960f3b81-c318-487e-86bd-3f3be1bdceb1",
            "status": "available",
            "tags": [],
            "timeouts": null,
            "total_ipv4_address_count": 256,
            "vpc": "r006-11305ebf-af4d-4532-a13d-b512322565f9",
            "zone": "us-south-3"
          },
          "sensitive_attributes": [],
          "private": "eyJlMmJmYjczMC1lY2FhLTExZTYtOGY4OC0zNDM2M2JjN2M0YzAiOnsiY3JlYXRlIjo2MDAwMDAwMDAwMDAsImRlbGV0ZSI6NjAwMDAwMDAwMDAwLCJ1cGRhdGUiOjYwMDAwMDAwMDAwMH19",
          "dependencies": [
            "data.ibm_resource_group.resource_group",
            "ibm_is_public_gateway.vpc_gateways",
            "ibm_is_vpc.testacc_vpc"
          ]
        },
        {
          "index_key": "2",
          "schema_version": 0,
          "attributes": {
            "access_tags": [],
            "available_ipv4_address_count": 251,
            "crn": "crn:v1:bluemix:public:is:us-south-1:a/01fedb4f3ff70b186d83cdb1e1de2943::subnet:0717-a7d4e8bb-756f-4446-893b-847ae10e8873",
            "id": "0717-a7d4e8bb-756f-4446-893b-847ae10e8873",
            "ip_version": "ipv4",
            "ipv4_cidr_block": "10.240.22.0/24",
            "name": "us-south-vpc-subnet-22",
            "network_acl": "r006-01c1df3f-e329-4f4f-8e21-39ec8fcbbafa",
            "public_gateway": "r006-635fdeed-1311-4f5e-894c-cce43a6c509a",
            "resource_controller_url": "https://cloud.ibm.com/vpc-ext/network/subnets",
            "resource_crn": "crn:v1:bluemix:public:is:us-south-1:a/01fedb4f3ff70b186d83cdb1e1de2943::subnet:0717-a7d4e8bb-756f-4446-893b-847ae10e8873",
            "resource_group": "94270ba384ba4441b4e21fc5345c26ac",
            "resource_group_name": "us-south-rg",
            "resource_name": "us-south-vpc-subnet-22",
            "resource_status": "available",
            "routing_table": "r006-960f3b81-c318-487e-86bd-3f3be1bdceb1",
            "status": "available",
            "tags": [],
            "timeouts": null,
            "total_ipv4_address_count": 256,
            "vpc": "r006-11305ebf-af4d-4532-a13d-b512322565f9",
            "zone": "us-south-1"
          },
          "sensitive_attributes": [],
          "private": "eyJlMmJmYjczMC1lY2FhLTExZTYtOGY4OC0zNDM2M2JjN2M0YzAiOnsiY3JlYXRlIjo2MDAwMDAwMDAwMDAsImRlbGV0ZSI6NjAwMDAwMDAwMDAwLCJ1cGRhdGUiOjYwMDAwMDAwMDAwMH19",
          "dependencies": [
            "data.ibm_resource_group.resource_group",
            "ibm_is_public_gateway.vpc_gateways",
            "ibm_is_vpc.testacc_vpc"
          ]
        },
        {
          "index_key": "3",
          "schema_version": 0,
          "attributes": {
            "access_tags": [],
            "available_ipv4_address_count": 251,
            "crn": "crn:v1:bluemix:public:is:us-south-1:a/01fedb4f3ff70b186d83cdb1e1de2943::subnet:0717-742d4acf-2da2-4711-8786-9bfa253d7fd7",
            "id": "0717-742d4acf-2da2-4711-8786-9bfa253d7fd7",
            "ip_version": "ipv4",
            "ipv4_cidr_block": "10.240.23.0/24",
            "name": "us-south-vpc-subnet-23",
            "network_acl": "r006-01c1df3f-e329-4f4f-8e21-39ec8fcbbafa",
            "public_gateway": "r006-635fdeed-1311-4f5e-894c-cce43a6c509a",
            "resource_controller_url": "https://cloud.ibm.com/vpc-ext/network/subnets",
            "resource_crn": "crn:v1:bluemix:public:is:us-south-1:a/01fedb4f3ff70b186d83cdb1e1de2943::subnet:0717-742d4acf-2da2-4711-8786-9bfa253d7fd7",
            "resource_group": "94270ba384ba4441b4e21fc5345c26ac",
            "resource_group_name": "us-south-rg",
            "resource_name": "us-south-vpc-subnet-23",
            "resource_status": "available",
            "routing_table": "r006-960f3b81-c318-487e-86bd-3f3be1bdceb1",
            "status": "available",
            "tags": [],
            "timeouts": null,
            "total_ipv4_address_count": 256,
            "vpc": "r006-11305ebf-af4d-4532-a13d-b512322565f9",
            "zone": "us-south-1"
          },
          "sensitive_attributes": [],
          "private": "eyJlMmJmYjczMC1lY2FhLTExZTYtOGY4OC0zNDM2M2JjN2M0YzAiOnsiY3JlYXRlIjo2MDAwMDAwMDAwMDAsImRlbGV0ZSI6NjAwMDAwMDAwMDAwLCJ1cGRhdGUiOjYwMDAwMDAwMDAwMH19",
          "dependencies": [
            "data.ibm_resource_group.resource_group",
            "ibm_is_public_gateway.vpc_gateways",
            "ibm_is_vpc.testacc_vpc"
          ]
        },
        {
          "index_key": "4",
          "schema_version": 0,
          "attributes": {
            "access_tags": [],
            "available_ipv4_address_count": 251,
            "crn": "crn:v1:bluemix:public:is:us-south-2:a/01fedb4f3ff70b186d83cdb1e1de2943::subnet:0727-368dadfb-8247-4cf3-a87b-c43fd4615c7d",
            "id": "0727-368dadfb-8247-4cf3-a87b-c43fd4615c7d",
            "ip_version": "ipv4",
            "ipv4_cidr_block": "10.240.84.0/24",
            "name": "us-south-vpc-subnet-84",
            "network_acl": "r006-01c1df3f-e329-4f4f-8e21-39ec8fcbbafa",
            "public_gateway": "r006-08003266-7294-48f4-a2fe-fb6109ce785c",
            "resource_controller_url": "https://cloud.ibm.com/vpc-ext/network/subnets",
            "resource_crn": "crn:v1:bluemix:public:is:us-south-2:a/01fedb4f3ff70b186d83cdb1e1de2943::subnet:0727-368dadfb-8247-4cf3-a87b-c43fd4615c7d",
            "resource_group": "94270ba384ba4441b4e21fc5345c26ac",
            "resource_group_name": "us-south-rg",
            "resource_name": "us-south-vpc-subnet-84",
            "resource_status": "available",
            "routing_table": "r006-960f3b81-c318-487e-86bd-3f3be1bdceb1",
            "status": "available",
            "tags": [],
            "timeouts": null,
            "total_ipv4_address_count": 256,
            "vpc": "r006-11305ebf-af4d-4532-a13d-b512322565f9",
            "zone": "us-south-2"
          },
          "sensitive_attributes": [],
          "private": "eyJlMmJmYjczMC1lY2FhLTExZTYtOGY4OC0zNDM2M2JjN2M0YzAiOnsiY3JlYXRlIjo2MDAwMDAwMDAwMDAsImRlbGV0ZSI6NjAwMDAwMDAwMDAwLCJ1cGRhdGUiOjYwMDAwMDAwMDAwMH19",
          "dependencies": [
            "data.ibm_resource_group.resource_group",
            "ibm_is_public_gateway.vpc_gateways",
            "ibm_is_vpc.testacc_vpc"
          ]
        },
        {
          "index_key": "5",
          "schema_version": 0,
          "attributes": {
            "access_tags": [],
            "available_ipv4_address_count": 251,
            "crn": "crn:v1:bluemix:public:is:us-south-2:a/01fedb4f3ff70b186d83cdb1e1de2943::subnet:0727-0109781e-178a-484c-ae2b-b3c90cf8b33f",
            "id": "0727-0109781e-178a-484c-ae2b-b3c90cf8b33f",
            "ip_version": "ipv4",
            "ipv4_cidr_block": "10.240.85.0/24",
            "name": "us-south-vpc-subnet-85",
            "network_acl": "r006-01c1df3f-e329-4f4f-8e21-39ec8fcbbafa",
            "public_gateway": "r006-08003266-7294-48f4-a2fe-fb6109ce785c",
            "resource_controller_url": "https://cloud.ibm.com/vpc-ext/network/subnets",
            "resource_crn": "crn:v1:bluemix:public:is:us-south-2:a/01fedb4f3ff70b186d83cdb1e1de2943::subnet:0727-0109781e-178a-484c-ae2b-b3c90cf8b33f",
            "resource_group": "94270ba384ba4441b4e21fc5345c26ac",
            "resource_group_name": "us-south-rg",
            "resource_name": "us-south-vpc-subnet-85",
            "resource_status": "available",
            "routing_table": "r006-960f3b81-c318-487e-86bd-3f3be1bdceb1",
            "status": "available",
            "tags": [],
            "timeouts": null,
            "total_ipv4_address_count": 256,
            "vpc": "r006-11305ebf-af4d-4532-a13d-b512322565f9",
            "zone": "us-south-2"
          },
          "sensitive_attributes": [],
          "private": "eyJlMmJmYjczMC1lY2FhLTExZTYtOGY4OC0zNDM2M2JjN2M0YzAiOnsiY3JlYXRlIjo2MDAwMDAwMDAwMDAsImRlbGV0ZSI6NjAwMDAwMDAwMDAwLCJ1cGRhdGUiOjYwMDAwMDAwMDAwMH19",
          "dependencies": [
            "data.ibm_resource_group.resource_group",
            "ibm_is_public_gateway.vpc_gateways",
            "ibm_is_vpc.testacc_vpc"
          ]
        },
        {
          "index_key": "6",
          "schema_version": 0,
          "attributes": {
            "access_tags": [],
            "available_ipv4_address_count": 251,
            "crn": "crn:v1:bluemix:public:is:us-south-2:a/01fedb4f3ff70b186d83cdb1e1de2943::subnet:0727-ea63e6f1-9ba1-495a-ba81-a68282485ed4",
            "id": "0727-ea63e6f1-9ba1-495a-ba81-a68282485ed4",
            "ip_version": "ipv4",
            "ipv4_cidr_block": "10.240.86.0/24",
            "name": "us-south-vpc-subnet-86",
            "network_acl": "r006-01c1df3f-e329-4f4f-8e21-39ec8fcbbafa",
            "public_gateway": "r006-08003266-7294-48f4-a2fe-fb6109ce785c",
            "resource_controller_url": "https://cloud.ibm.com/vpc-ext/network/subnets",
            "resource_crn": "crn:v1:bluemix:public:is:us-south-2:a/01fedb4f3ff70b186d83cdb1e1de2943::subnet:0727-ea63e6f1-9ba1-495a-ba81-a68282485ed4",
            "resource_group": "94270ba384ba4441b4e21fc5345c26ac",
            "resource_group_name": "us-south-rg",
            "resource_name": "us-south-vpc-subnet-86",
            "resource_status": "available",
            "routing_table": "r006-960f3b81-c318-487e-86bd-3f3be1bdceb1",
            "status": "available",
            "tags": [],
            "timeouts": null,
            "total_ipv4_address_count": 256,
            "vpc": "r006-11305ebf-af4d-4532-a13d-b512322565f9",
            "zone": "us-south-2"
          },
          "sensitive_attributes": [],
          "private": "eyJlMmJmYjczMC1lY2FhLTExZTYtOGY4OC0zNDM2M2JjN2M0YzAiOnsiY3JlYXRlIjo2MDAwMDAwMDAwMDAsImRlbGV0ZSI6NjAwMDAwMDAwMDAwLCJ1cGRhdGUiOjYwMDAwMDAwMDAwMH19",
          "dependencies": [
            "data.ibm_resource_group.resource_group",
            "ibm_is_public_gateway.vpc_gateways",
            "ibm_is_vpc.testacc_vpc"
          ]
        },
        {
          "index_key": "7",
          "schema_version": 0,
          "attributes": {
            "access_tags": [],
            "available_ipv4_address_count": 251,
            "crn": "crn:v1:bluemix:public:is:us-south-2:a/01fedb4f3ff70b186d83cdb1e1de2943::subnet:0727-e41a9fe5-cf06-4e0a-9857-276bdb1ea9fa",
            "id": "0727-e41a9fe5-cf06-4e0a-9857-276bdb1ea9fa",
            "ip_version": "ipv4",
            "ipv4_cidr_block": "10.240.87.0/24",
            "name": "us-south-vpc-subnet-87",
            "network_acl": "r006-01c1df3f-e329-4f4f-8e21-39ec8fcbbafa",
            "public_gateway": "r006-08003266-7294-48f4-a2fe-fb6109ce785c",
            "resource_controller_url": "https://cloud.ibm.com/vpc-ext/network/subnets",
            "resource_crn": "crn:v1:bluemix:public:is:us-south-2:a/01fedb4f3ff70b186d83cdb1e1de2943::subnet:0727-e41a9fe5-cf06-4e0a-9857-276bdb1ea9fa",
            "resource_group": "94270ba384ba4441b4e21fc5345c26ac",
            "resource_group_name": "us-south-rg",
            "resource_name": "us-south-vpc-subnet-87",
            "resource_status": "available",
            "routing_table": "r006-960f3b81-c318-487e-86bd-3f3be1bdceb1",
            "status": "available",
            "tags": [],
            "timeouts": null,
            "total_ipv4_address_count": 256,
            "vpc": "r006-11305ebf-af4d-4532-a13d-b512322565f9",
            "zone": "us-south-2"
          },
          "sensitive_attributes": [],
          "private": "eyJlMmJmYjczMC1lY2FhLTExZTYtOGY4OC0zNDM2M2JjN2M0YzAiOnsiY3JlYXRlIjo2MDAwMDAwMDAwMDAsImRlbGV0ZSI6NjAwMDAwMDAwMDAwLCJ1cGRhdGUiOjYwMDAwMDAwMDAwMH19",
          "dependencies": [
            "data.ibm_resource_group.resource_group",
            "ibm_is_public_gateway.vpc_gateways",
            "ibm_is_vpc.testacc_vpc"
          ]
        },
        {
          "index_key": "8",
          "schema_version": 0,
          "attributes": {
            "access_tags": [],
            "available_ipv4_address_count": 251,
            "crn": "crn:v1:bluemix:public:is:us-south-3:a/01fedb4f3ff70b186d83cdb1e1de2943::subnet:0737-0b6e3503-08a7-4cb9-bccb-4f997da8437e",
            "id": "0737-0b6e3503-08a7-4cb9-bccb-4f997da8437e",
            "ip_version": "ipv4",
            "ipv4_cidr_block": "10.240.148.0/24",
            "name": "us-south-vpc-subnet-148",
            "network_acl": "r006-01c1df3f-e329-4f4f-8e21-39ec8fcbbafa",
            "public_gateway": "r006-0fd692f6-467f-4ac8-9985-73a21cdc9959",
            "resource_controller_url": "https://cloud.ibm.com/vpc-ext/network/subnets",
            "resource_crn": "crn:v1:bluemix:public:is:us-south-3:a/01fedb4f3ff70b186d83cdb1e1de2943::subnet:0737-0b6e3503-08a7-4cb9-bccb-4f997da8437e",
            "resource_group": "94270ba384ba4441b4e21fc5345c26ac",
            "resource_group_name": "us-south-rg",
            "resource_name": "us-south-vpc-subnet-148",
            "resource_status": "available",
            "routing_table": "r006-960f3b81-c318-487e-86bd-3f3be1bdceb1",
            "status": "available",
            "tags": [],
            "timeouts": null,
            "total_ipv4_address_count": 256,
            "vpc": "r006-11305ebf-af4d-4532-a13d-b512322565f9",
            "zone": "us-south-3"
          },
          "sensitive_attributes": [],
          "private": "eyJlMmJmYjczMC1lY2FhLTExZTYtOGY4OC0zNDM2M2JjN2M0YzAiOnsiY3JlYXRlIjo2MDAwMDAwMDAwMDAsImRlbGV0ZSI6NjAwMDAwMDAwMDAwLCJ1cGRhdGUiOjYwMDAwMDAwMDAwMH19",
          "dependencies": [
            "data.ibm_resource_group.resource_group",
            "ibm_is_public_gateway.vpc_gateways",
            "ibm_is_vpc.testacc_vpc"
          ]
        },
        {
          "index_key": "9",
          "schema_version": 0,
          "attributes": {
            "access_tags": [],
            "available_ipv4_address_count": 251,
            "crn": "crn:v1:bluemix:public:is:us-south-3:a/01fedb4f3ff70b186d83cdb1e1de2943::subnet:0737-2d6228be-ad84-4a42-b097-83166306ecfc",
            "id": "0737-2d6228be-ad84-4a42-b097-83166306ecfc",
            "ip_version": "ipv4",
            "ipv4_cidr_block": "10.240.149.0/24",
            "name": "us-south-vpc-subnet-149",
            "network_acl": "r006-01c1df3f-e329-4f4f-8e21-39ec8fcbbafa",
            "public_gateway": "r006-0fd692f6-467f-4ac8-9985-73a21cdc9959",
            "resource_controller_url": "https://cloud.ibm.com/vpc-ext/network/subnets",
            "resource_crn": "crn:v1:bluemix:public:is:us-south-3:a/01fedb4f3ff70b186d83cdb1e1de2943::subnet:0737-2d6228be-ad84-4a42-b097-83166306ecfc",
            "resource_group": "94270ba384ba4441b4e21fc5345c26ac",
            "resource_group_name": "us-south-rg",
            "resource_name": "us-south-vpc-subnet-149",
            "resource_status": "available",
            "routing_table": "r006-960f3b81-c318-487e-86bd-3f3be1bdceb1",
            "status": "available",
            "tags": [],
            "timeouts": null,
            "total_ipv4_address_count": 256,
            "vpc": "r006-11305ebf-af4d-4532-a13d-b512322565f9",
            "zone": "us-south-3"
          },
          "sensitive_attributes": [],
          "private": "eyJlMmJmYjczMC1lY2FhLTExZTYtOGY4OC0zNDM2M2JjN2M0YzAiOnsiY3JlYXRlIjo2MDAwMDAwMDAwMDAsImRlbGV0ZSI6NjAwMDAwMDAwMDAwLCJ1cGRhdGUiOjYwMDAwMDAwMDAwMH19",
          "dependencies": [
            "data.ibm_resource_group.resource_group",
            "ibm_is_public_gateway.vpc_gateways",
            "ibm_is_vpc.testacc_vpc"
          ]
        }
      ]
    },
    {
      "mode": "managed",
      "type": "ibm_is_vpc",
      "name": "testacc_vpc",
      "provider": "provider[\"registry.terraform.io/ibm-cloud/ibm\"]",
      "instances": [
        {
          "schema_version": 0,
          "attributes": {
            "access_tags": [],
            "address_prefix_management": "auto",
            "classic_access": false,
            "crn": "crn:v1:bluemix:public:is:us-south:a/01fedb4f3ff70b186d83cdb1e1de2943::vpc:r006-11305ebf-af4d-4532-a13d-b512322565f9",
            "cse_source_addresses": [
              {
                "address": "10.22.212.51",
                "zone_name": "us-south-1"
              },
              {
                "address": "10.22.24.149",
                "zone_name": "us-south-2"
              },
              {
                "address": "10.16.253.76",
                "zone_name": "us-south-3"
              }
            ],
            "default_network_acl": "r006-01c1df3f-e329-4f4f-8e21-39ec8fcbbafa",
            "default_network_acl_crn": "crn:v1:bluemix:public:is:us-south:a/01fedb4f3ff70b186d83cdb1e1de2943::network-acl:r006-01c1df3f-e329-4f4f-8e21-39ec8fcbbafa",
            "default_network_acl_name": "carport-spilt-rule-drone",
            "default_routing_table": "r006-960f3b81-c318-487e-86bd-3f3be1bdceb1",
            "default_routing_table_name": "sleeve-unmarked-earthly-define",
            "default_security_group": "r006-db28724b-85c3-4421-bf1a-56c99c3db34a",
            "default_security_group_crn": "crn:v1:bluemix:public:is:us-south:a/01fedb4f3ff70b186d83cdb1e1de2943::security-group:r006-db28724b-85c3-4421-bf1a-56c99c3db34a",
            "default_security_group_name": "snaking-brittle-outnumber-impound",
            "dns": [
              {
                "enable_hub": false,
                "resolution_binding_count": 0,
                "resolver": [
                  {
                    "configuration": "default",
                    "manual_servers": [],
                    "servers": [
                      {
                        "address": "161.26.0.10",
                        "zone_affinity": ""
                      },
                      {
                        "address": "161.26.0.11",
                        "zone_affinity": ""
                      }
                    ],
                    "type": "system",
                    "vpc_crn": "",
                    "vpc_id": "",
                    "vpc_name": "",
                    "vpc_remote_account_id": "",
                    "vpc_remote_region": ""
                  }
                ]
              }
            ],
            "health_reasons": [],
            "health_state": "ok",
            "id": "r006-11305ebf-af4d-4532-a13d-b512322565f9",
            "name": "us-south-rg-vpc",
            "no_sg_acl_rules": false,
            "resource_controller_url": "https://cloud.ibm.com/vpc-ext/network/vpcs",
            "resource_crn": "crn:v1:bluemix:public:is:us-south:a/01fedb4f3ff70b186d83cdb1e1de2943::vpc:r006-11305ebf-af4d-4532-a13d-b512322565f9",
            "resource_group": "94270ba384ba4441b4e21fc5345c26ac",
            "resource_group_name": "us-south-rg",
            "resource_name": "us-south-rg-vpc",
            "resource_status": "available",
            "security_group": [
              {
                "group_id": "r006-db28724b-85c3-4421-bf1a-56c99c3db34a",
                "group_name": "snaking-brittle-outnumber-impound",
                "rules": [
                  {
                    "code": 0,
                    "direction": "outbound",
                    "ip_version": "ipv4",
                    "port_max": 0,
                    "port_min": 0,
                    "protocol": "all",
                    "remote": "0.0.0.0/0",
                    "rule_id": "r006-a5f38dc6-80b4-48e8-87ea-89ff7e89634e",
                    "type": 0
                  },
                  {
                    "code": 0,
                    "direction": "inbound",
                    "ip_version": "ipv4",
                    "port_max": 0,
                    "port_min": 0,
                    "protocol": "all",
                    "remote": "r006-db28724b-85c3-4421-bf1a-56c99c3db34a",
                    "rule_id": "r006-27ea5e7b-6876-4ff3-ba7e-45995d9f64e4",
                    "type": 0
                  }
                ]
              }
            ],
            "status": "available",
            "subnets": [],
            "tags": [],
            "timeouts": null
          },
          "sensitive_attributes": [],
          "private": "eyJlMmJmYjczMC1lY2FhLTExZTYtOGY4OC0zNDM2M2JjN2M0YzAiOnsiY3JlYXRlIjo2MDAwMDAwMDAwMDAsImRlbGV0ZSI6NjAwMDAwMDAwMDAwfX0=",
          "dependencies": [
            "data.ibm_resource_group.resource_group"
          ]
        }
      ]
    }
  ],
  "check_results": null
}
